<?xml version="1.0" encoding="UTF-8" standalone="yes" ?>
<CodeBlocks_project_file>
	<FileVersion major="1" minor="6" />
	<Project>
		<Option title="dunelegacy" />
		<Option pch_mode="2" />
		<Option compiler="gcc" />
		<Build>
			<Target title="Release-Win32">
				<Option output="../../data/dunelegacy" prefix_auto="1" extension_auto="1" />
				<Option working_dir="../../data/" />
				<Option object_output="obj/Release/" />
				<Option type="0" />
				<Option compiler="gcc" />
				<Compiler>
					<Add option="-g" />
				</Compiler>
				<Linker>
					<Add option="-static-libgcc" />
					<Add library="libSDL2_mixer.dll.a" />
					<Add library="libmingw32.a" />
					<Add library="libSDL2main.a" />
					<Add library="libSDL2.dll.a" />
					<Add library="libws2_32.a" />
					<Add library="libwinmm.a" />
				</Linker>
			</Target>
			<Target title="Release-Linux">
				<Option output="../../data/dunelegacy" prefix_auto="1" extension_auto="1" />
				<Option working_dir="../../data/" />
				<Option object_output="obj/Release/" />
				<Option type="0" />
				<Option compiler="gcc" />
				<Compiler>
					<Add option="-g" />
				</Compiler>
				<Linker>
					<Add option="-static-libgcc" />
					<Add option="-lSDL2_mixer -lSDL2_ttf" />
				</Linker>
			</Target>
		</Build>
		<Compiler>
			<Add option="-O3" />
			<Add option="-Wcast-align" />
			<Add option="-Wunreachable-code" />
			<Add option="-Wmissing-declarations" />
			<Add option="-pedantic" />
			<Add option="-Wextra" />
			<Add option="-Wall" />
			<Add option="-std=c++14" />
			<Add option="`sdl2-config --cflags` -Wno-unused-parameter -Wno-unknown-pragmas -Wlogical-op" />
			<Add directory="../../include" />
		</Compiler>
		<Linker>
			<Add option="`sdl2-config --libs`" />
		</Linker>
		<Unit filename="../../include/AStarSearch.h" />
		<Unit filename="../../include/Bullet.h" />
		<Unit filename="../../include/Choam.h" />
		<Unit filename="../../include/Colors.h" />
		<Unit filename="../../include/Command.h" />
		<Unit filename="../../include/CommandManager.h" />
		<Unit filename="../../include/CutScenes/CrossBlendVideoEvent.h" />
		<Unit filename="../../include/CutScenes/CutScene.h" />
		<Unit filename="../../include/CutScenes/CutSceneMusicTrigger.h" />
		<Unit filename="../../include/CutScenes/CutSceneSoundTrigger.h" />
		<Unit filename="../../include/CutScenes/CutSceneTrigger.h" />
		<Unit filename="../../include/CutScenes/FadeInVideoEvent.h" />
		<Unit filename="../../include/CutScenes/FadeOutVideoEvent.h" />
		<Unit filename="../../include/CutScenes/Finale.h" />
		<Unit filename="../../include/CutScenes/HoldPictureVideoEvent.h" />
		<Unit filename="../../include/CutScenes/Intro.h" />
		<Unit filename="../../include/CutScenes/Meanwhile.h" />
		<Unit filename="../../include/CutScenes/Scene.h" />
		<Unit filename="../../include/CutScenes/TextEvent.h" />
		<Unit filename="../../include/CutScenes/VideoEvent.h" />
		<Unit filename="../../include/CutScenes/WSAVideoEvent.h" />
		<Unit filename="../../include/DataTypes.h" />
		<Unit filename="../../include/Definitions.h" />
		<Unit filename="../../include/Explosion.h" />
		<Unit filename="../../include/FileClasses/Animation.h" />
		<Unit filename="../../include/FileClasses/Cpsfile.h" />
		<Unit filename="../../include/FileClasses/Decode.h" />
		<Unit filename="../../include/FileClasses/FileManager.h" />
		<Unit filename="../../include/FileClasses/Font.h" />
		<Unit filename="../../include/FileClasses/FontManager.h" />
		<Unit filename="../../include/FileClasses/GFXManager.h" />
		<Unit filename="../../include/FileClasses/INIFile.h" />
		<Unit filename="../../include/FileClasses/Icnfile.h" />
		<Unit filename="../../include/FileClasses/IndexedTextFile.h" />
		<Unit filename="../../include/FileClasses/LoadSavePNG.h" />
		<Unit filename="../../include/FileClasses/MentatTextFile.h" />
		<Unit filename="../../include/FileClasses/POFile.h" />
		<Unit filename="../../include/FileClasses/Pakfile.h" />
		<Unit filename="../../include/FileClasses/Palette.h" />
		<Unit filename="../../include/FileClasses/Palfile.h" />
		<Unit filename="../../include/FileClasses/PictureFactory.h" />
		<Unit filename="../../include/FileClasses/SFXManager.h" />
		<Unit filename="../../include/FileClasses/Shpfile.h" />
		<Unit filename="../../include/FileClasses/TTFFont.h" />
		<Unit filename="../../include/FileClasses/TextManager.h" />
		<Unit filename="../../include/FileClasses/Vocfile.h" />
		<Unit filename="../../include/FileClasses/Wsafile.h" />
		<Unit filename="../../include/FileClasses/adl/opl.h" />
		<Unit filename="../../include/FileClasses/adl/sound_adlib.h" />
		<Unit filename="../../include/FileClasses/adl/surroundopl.h" />
		<Unit filename="../../include/FileClasses/adl/wemuopl.h" />
		<Unit filename="../../include/FileClasses/adl/woodyopl.h" />
		<Unit filename="../../include/FileClasses/lodepng.h" />
		<Unit filename="../../include/FileClasses/music/ADLPlayer.h" />
		<Unit filename="../../include/FileClasses/music/DirectoryPlayer.h" />
		<Unit filename="../../include/FileClasses/music/MusicPlayer.h" />
		<Unit filename="../../include/FileClasses/music/XMIPlayer.h" />
		<Unit filename="../../include/FileClasses/xmidi/databuf.h" />
		<Unit filename="../../include/FileClasses/xmidi/xmidi.h" />
		<Unit filename="../../include/GUI/Button.h" />
		<Unit filename="../../include/GUI/Checkbox.h" />
		<Unit filename="../../include/GUI/ClickMap.h" />
		<Unit filename="../../include/GUI/Container.h" />
		<Unit filename="../../include/GUI/DropDownBox.h" />
		<Unit filename="../../include/GUI/GUIStyle.h" />
		<Unit filename="../../include/GUI/HBox.h" />
		<Unit filename="../../include/GUI/InvisibleButton.h" />
		<Unit filename="../../include/GUI/Label.h" />
		<Unit filename="../../include/GUI/ListBox.h" />
		<Unit filename="../../include/GUI/MsgBox.h" />
		<Unit filename="../../include/GUI/ObjectInterfaces/BuilderInterface.h" />
		<Unit filename="../../include/GUI/ObjectInterfaces/DefaultObjectInterface.h" />
		<Unit filename="../../include/GUI/ObjectInterfaces/DefaultStructureInterface.h" />
		<Unit filename="../../include/GUI/ObjectInterfaces/MultiUnitInterface.h" />
		<Unit filename="../../include/GUI/ObjectInterfaces/ObjectInterface.h" />
		<Unit filename="../../include/GUI/ObjectInterfaces/PalaceInterface.h" />
		<Unit filename="../../include/GUI/ObjectInterfaces/RefineryAndSiloInterface.h" />
		<Unit filename="../../include/GUI/ObjectInterfaces/RepairYardInterface.h" />
		<Unit filename="../../include/GUI/ObjectInterfaces/UnitInterface.h" />
		<Unit filename="../../include/GUI/ObjectInterfaces/WindTrapInterface.h" />
		<Unit filename="../../include/GUI/PictureButton.h" />
		<Unit filename="../../include/GUI/PictureLabel.h" />
		<Unit filename="../../include/GUI/ProgressBar.h" />
		<Unit filename="../../include/GUI/QstBox.h" />
		<Unit filename="../../include/GUI/RadioButton.h" />
		<Unit filename="../../include/GUI/RadioButtonManager.h" />
		<Unit filename="../../include/GUI/ScrollBar.h" />
		<Unit filename="../../include/GUI/Spacer.h" />
		<Unit filename="../../include/GUI/StaticContainer.h" />
		<Unit filename="../../include/GUI/SymbolButton.h" />
		<Unit filename="../../include/GUI/TextBox.h" />
		<Unit filename="../../include/GUI/TextButton.h" />
		<Unit filename="../../include/GUI/TextView.h" />
		<Unit filename="../../include/GUI/VBox.h" />
		<Unit filename="../../include/GUI/Widget.h" />
		<Unit filename="../../include/GUI/Window.h" />
		<Unit filename="../../include/GUI/dune/AnimationLabel.h" />
		<Unit filename="../../include/GUI/dune/BuilderList.h" />
		<Unit filename="../../include/GUI/dune/ChatManager.h" />
		<Unit filename="../../include/GUI/dune/DigitsCounter.h" />
		<Unit filename="../../include/GUI/dune/DigitsTextBox.h" />
		<Unit filename="../../include/GUI/dune/DuneStyle.h" />
		<Unit filename="../../include/GUI/dune/GameOptionsWindow.h" />
		<Unit filename="../../include/GUI/dune/InGameMenu.h" />
		<Unit filename="../../include/GUI/dune/InGameSettingsMenu.h" />
		<Unit filename="../../include/GUI/dune/LoadSaveWindow.h" />
		<Unit filename="../../include/GUI/dune/MessageTicker.h" />
		<Unit filename="../../include/GUI/dune/NewsTicker.h" />
		<Unit filename="../../include/GUI/dune/WaitingForOtherPlayers.h" />
		<Unit filename="../../include/Game.h" />
		<Unit filename="../../include/GameInitSettings.h" />
		<Unit filename="../../include/GameInterface.h" />
		<Unit filename="../../include/House.h" />
		<Unit filename="../../include/INIMap/INIMap.h" />
		<Unit filename="../../include/INIMap/INIMapEditorLoader.h" />
		<Unit filename="../../include/INIMap/INIMapLoader.h" />
		<Unit filename="../../include/INIMap/INIMapPreviewCreator.h" />
		<Unit filename="../../include/Map.h" />
		<Unit filename="../../include/MapEditor/ChoamWindow.h" />
		<Unit filename="../../include/MapEditor/LoadMapWindow.h" />
		<Unit filename="../../include/MapEditor/MapData.h" />
		<Unit filename="../../include/MapEditor/MapEditor.h" />
		<Unit filename="../../include/MapEditor/MapEditorInterface.h" />
		<Unit filename="../../include/MapEditor/MapEditorOperation.h" />
		<Unit filename="../../include/MapEditor/MapEditorRadarView.h" />
		<Unit filename="../../include/MapEditor/MapGenerator.h" />
		<Unit filename="../../include/MapEditor/MapInfo.h" />
		<Unit filename="../../include/MapEditor/MapMirror.h" />
		<Unit filename="../../include/MapEditor/MapSettingsWindow.h" />
		<Unit filename="../../include/MapEditor/NewMapWindow.h" />
		<Unit filename="../../include/MapEditor/PlayerSettingsWindow.h" />
		<Unit filename="../../include/MapEditor/ReinforcementInfo.h" />
		<Unit filename="../../include/MapEditor/ReinforcementsWindow.h" />
		<Unit filename="../../include/MapEditor/TeamInfo.h" />
		<Unit filename="../../include/MapEditor/TeamsWindow.h" />
		<Unit filename="../../include/MapSeed.h" />
		<Unit filename="../../include/Menu/AboutMenu.h" />
		<Unit filename="../../include/Menu/BriefingMenu.h" />
		<Unit filename="../../include/Menu/CampaignStatsMenu.h" />
		<Unit filename="../../include/Menu/CustomGameMenu.h" />
		<Unit filename="../../include/Menu/CustomGamePlayers.h" />
		<Unit filename="../../include/Menu/CustomGameStatsMenu.h" />
		<Unit filename="../../include/Menu/HouseChoiceInfoMenu.h" />
		<Unit filename="../../include/Menu/HouseChoiceMenu.h" />
		<Unit filename="../../include/Menu/MainMenu.h" />
		<Unit filename="../../include/Menu/MapChoice.h" />
		<Unit filename="../../include/Menu/MentatHelp.h" />
		<Unit filename="../../include/Menu/MentatMenu.h" />
		<Unit filename="../../include/Menu/MenuBase.h" />
		<Unit filename="../../include/Menu/MultiPlayerMenu.h" />
		<Unit filename="../../include/Menu/OptionsMenu.h" />
		<Unit filename="../../include/Menu/SinglePlayerMenu.h" />
		<Unit filename="../../include/Menu/SinglePlayerSkirmishMenu.h" />
		<Unit filename="../../include/Network/ChangeEventList.h" />
		<Unit filename="../../include/Network/CommandList.h" />
		<Unit filename="../../include/Network/ENetHelper.h" />
		<Unit filename="../../include/Network/ENetHttp.h" />
		<Unit filename="../../include/Network/ENetPacketIStream.h" />
		<Unit filename="../../include/Network/ENetPacketOStream.h" />
		<Unit filename="../../include/Network/GameServerInfo.h" />
		<Unit filename="../../include/Network/LANGameFinderAndAnnouncer.h" />
		<Unit filename="../../include/Network/MetaServerClient.h" />
		<Unit filename="../../include/Network/MetaServerCommands.h" />
		<Unit filename="../../include/Network/NetworkManager.h" />
		<Unit filename="../../include/ObjectBase.h" />
		<Unit filename="../../include/ObjectData.h" />
		<Unit filename="../../include/ObjectManager.h" />
		<Unit filename="../../include/ObjectPointer.h" />
		<Unit filename="../../include/RadarView.h" />
		<Unit filename="../../include/RadarViewBase.h" />
		<Unit filename="../../include/ScreenBorder.h" />
		<Unit filename="../../include/SoundPlayer.h" />
		<Unit filename="../../include/Tile.h" />
		<Unit filename="../../include/Trigger/ReinforcementTrigger.h" />
		<Unit filename="../../include/Trigger/TimeoutTrigger.h" />
		<Unit filename="../../include/Trigger/Trigger.h" />
		<Unit filename="../../include/Trigger/TriggerManager.h" />
		<Unit filename="../../include/config.h" />
		<Unit filename="../../include/data.h" />
		<Unit filename="../../include/enet/callbacks.h" />
		<Unit filename="../../include/enet/enet.h" />
		<Unit filename="../../include/enet/enettime.h" />
		<Unit filename="../../include/enet/list.h" />
		<Unit filename="../../include/enet/protocol.h" />
		<Unit filename="../../include/enet/types.h" />
		<Unit filename="../../include/enet/unix.h" />
		<Unit filename="../../include/enet/utility.h" />
		<Unit filename="../../include/enet/win32.h" />
		<Unit filename="../../include/fixmath/FixPoint.h" />
		<Unit filename="../../include/fixmath/FixPoint16.h" />
		<Unit filename="../../include/fixmath/FixPoint32.h" />
		<Unit filename="../../include/fixmath/fix16.h" />
		<Unit filename="../../include/fixmath/fix16_trig_sin_lut.h" />
		<Unit filename="../../include/fixmath/fix32.h" />
		<Unit filename="../../include/fixmath/fixmath.h" />
		<Unit filename="../../include/fixmath/int64.h" />
		<Unit filename="../../include/globals.h" />
		<Unit filename="../../include/main.h" />
		<Unit filename="../../include/misc/BlendBlitter.h" />
		<Unit filename="../../include/misc/DrawingRectHelper.h" />
		<Unit filename="../../include/misc/FileSystem.h" />
		<Unit filename="../../include/misc/IFileStream.h" />
		<Unit filename="../../include/misc/IMemoryStream.h" />
		<Unit filename="../../include/misc/InputStream.h" />
		<Unit filename="../../include/misc/OFileStream.h" />
		<Unit filename="../../include/misc/OMemoryStream.h" />
		<Unit filename="../../include/misc/OutputStream.h" />
		<Unit filename="../../include/misc/Random.h" />
		<Unit filename="../../include/misc/RobustList.h" />
		<Unit filename="../../include/misc/SDL2pp.h" />
		<Unit filename="../../include/misc/Scaler.h" />
		<Unit filename="../../include/misc/draw_util.h" />
		<Unit filename="../../include/misc/exceptions.h" />
		<Unit filename="../../include/misc/fnkdat.h" />
		<Unit filename="../../include/misc/format.h" />
		<Unit filename="../../include/misc/md5.h" />
		<Unit filename="../../include/misc/sound_util.h" />
		<Unit filename="../../include/misc/string_util.h" />
		<Unit filename="../../include/misc/unique_or_nonowning_ptr.h" />
		<Unit filename="../../include/mmath.h" />
		<Unit filename="../../include/players/AIPlayer.h" />
		<Unit filename="../../include/players/HumanPlayer.h" />
		<Unit filename="../../include/players/Player.h" />
		<Unit filename="../../include/players/PlayerFactory.h" />
		<Unit filename="../../include/players/QuantBot.h" />
		<Unit filename="../../include/players/SmartBot.h" />
		<Unit filename="../../include/sand.h" />
		<Unit filename="../../include/structures/Barracks.h" />
		<Unit filename="../../include/structures/BuilderBase.h" />
		<Unit filename="../../include/structures/ConstructionYard.h" />
		<Unit filename="../../include/structures/GunTurret.h" />
		<Unit filename="../../include/structures/HeavyFactory.h" />
		<Unit filename="../../include/structures/HighTechFactory.h" />
		<Unit filename="../../include/structures/IX.h" />
		<Unit filename="../../include/structures/LightFactory.h" />
		<Unit filename="../../include/structures/Palace.h" />
		<Unit filename="../../include/structures/Radar.h" />
		<Unit filename="../../include/structures/Refinery.h" />
		<Unit filename="../../include/structures/RepairYard.h" />
		<Unit filename="../../include/structures/RocketTurret.h" />
		<Unit filename="../../include/structures/Silo.h" />
		<Unit filename="../../include/structures/StarPort.h" />
		<Unit filename="../../include/structures/StructureBase.h" />
		<Unit filename="../../include/structures/TurretBase.h" />
		<Unit filename="../../include/structures/WOR.h" />
		<Unit filename="../../include/structures/Wall.h" />
		<Unit filename="../../include/structures/WindTrap.h" />
		<Unit filename="../../include/units/AirUnit.h" />
		<Unit filename="../../include/units/Carryall.h" />
		<Unit filename="../../include/units/Devastator.h" />
		<Unit filename="../../include/units/Deviator.h" />
		<Unit filename="../../include/units/Frigate.h" />
		<Unit filename="../../include/units/GroundUnit.h" />
		<Unit filename="../../include/units/Harvester.h" />
		<Unit filename="../../include/units/InfantryBase.h" />
		<Unit filename="../../include/units/Launcher.h" />
		<Unit filename="../../include/units/MCV.h" />
		<Unit filename="../../include/units/Ornithopter.h" />
		<Unit filename="../../include/units/Quad.h" />
		<Unit filename="../../include/units/RaiderTrike.h" />
		<Unit filename="../../include/units/Saboteur.h" />
		<Unit filename="../../include/units/SandWorm.h" />
		<Unit filename="../../include/units/SiegeTank.h" />
		<Unit filename="../../include/units/Soldier.h" />
		<Unit filename="../../include/units/SonicTank.h" />
		<Unit filename="../../include/units/Tank.h" />
		<Unit filename="../../include/units/TankBase.h" />
		<Unit filename="../../include/units/TrackedUnit.h" />
		<Unit filename="../../include/units/Trike.h" />
		<Unit filename="../../include/units/Trooper.h" />
		<Unit filename="../../include/units/UnitBase.h" />
		<Unit filename="../../resource.rc">
			<Option compilerVar="WINDRES" />
		</Unit>
		<Unit filename="../../src/AStarSearch.cpp" />
		<Unit filename="../../src/Bullet.cpp" />
		<Unit filename="../../src/Choam.cpp" />
		<Unit filename="../../src/Command.cpp" />
		<Unit filename="../../src/CommandManager.cpp" />
		<Unit filename="../../src/CutScenes/CrossBlendVideoEvent.cpp" />
		<Unit filename="../../src/CutScenes/CutScene.cpp" />
		<Unit filename="../../src/CutScenes/CutSceneTrigger.cpp" />
		<Unit filename="../../src/CutScenes/FadeInVideoEvent.cpp" />
		<Unit filename="../../src/CutScenes/FadeOutVideoEvent.cpp" />
		<Unit filename="../../src/CutScenes/Finale.cpp" />
		<Unit filename="../../src/CutScenes/HoldPictureVideoEvent.cpp" />
		<Unit filename="../../src/CutScenes/Intro.cpp" />
		<Unit filename="../../src/CutScenes/Meanwhile.cpp" />
		<Unit filename="../../src/CutScenes/Scene.cpp" />
		<Unit filename="../../src/CutScenes/TextEvent.cpp" />
		<Unit filename="../../src/CutScenes/VideoEvent.cpp" />
		<Unit filename="../../src/CutScenes/WSAVideoEvent.cpp" />
		<Unit filename="../../src/Explosion.cpp" />
		<Unit filename="../../src/FileClasses/Animation.cpp" />
		<Unit filename="../../src/FileClasses/Cpsfile.cpp" />
		<Unit filename="../../src/FileClasses/Decode.cpp" />
		<Unit filename="../../src/FileClasses/FileManager.cpp" />
		<Unit filename="../../src/FileClasses/FontManager.cpp" />
		<Unit filename="../../src/FileClasses/GFXManager.cpp" />
		<Unit filename="../../src/FileClasses/INIFile.cpp" />
		<Unit filename="../../src/FileClasses/Icnfile.cpp" />
		<Unit filename="../../src/FileClasses/IndexedTextFile.cpp" />
		<Unit filename="../../src/FileClasses/LoadSavePNG.cpp" />
		<Unit filename="../../src/FileClasses/MentatTextFile.cpp" />
		<Unit filename="../../src/FileClasses/POFile.cpp" />
		<Unit filename="../../src/FileClasses/Pakfile.cpp" />
		<Unit filename="../../src/FileClasses/Palfile.cpp" />
		<Unit filename="../../src/FileClasses/PictureFactory.cpp" />
		<Unit filename="../../src/FileClasses/SFXManager.cpp" />
		<Unit filename="../../src/FileClasses/Shpfile.cpp" />
		<Unit filename="../../src/FileClasses/TTFFont.cpp" />
		<Unit filename="../../src/FileClasses/TextManager.cpp" />
		<Unit filename="../../src/FileClasses/Vocfile.cpp" />
		<Unit filename="../../src/FileClasses/Wsafile.cpp" />
		<Unit filename="../../src/FileClasses/adl/sound_adlib.cpp" />
		<Unit filename="../../src/FileClasses/adl/surroundopl.cpp" />
		<Unit filename="../../src/FileClasses/adl/woodyopl.cpp" />
		<Unit filename="../../src/FileClasses/lodepng.cpp" />
		<Unit filename="../../src/FileClasses/music/ADLPlayer.cpp" />
		<Unit filename="../../src/FileClasses/music/DirectoryPlayer.cpp" />
		<Unit filename="../../src/FileClasses/music/XMIPlayer.cpp" />
		<Unit filename="../../src/FileClasses/xmidi/xmidi.cpp" />
		<Unit filename="../../src/GUI/Button.cpp" />
		<Unit filename="../../src/GUI/DropDownBox.cpp" />
		<Unit filename="../../src/GUI/GUIStyle.cpp" />
		<Unit filename="../../src/GUI/ListBox.cpp" />
		<Unit filename="../../src/GUI/RadioButtonManager.cpp" />
		<Unit filename="../../src/GUI/ScrollBar.cpp" />
		<Unit filename="../../src/GUI/TextView.cpp" />
		<Unit filename="../../src/GUI/Widget.cpp" />
		<Unit filename="../../src/GUI/Window.cpp" />
		<Unit filename="../../src/GUI/dune/BuilderList.cpp" />
		<Unit filename="../../src/GUI/dune/ChatManager.cpp" />
		<Unit filename="../../src/GUI/dune/DuneStyle.cpp" />
		<Unit filename="../../src/GUI/dune/GameOptionsWindow.cpp" />
		<Unit filename="../../src/GUI/dune/InGameMenu.cpp" />
		<Unit filename="../../src/GUI/dune/InGameSettingsMenu.cpp" />
		<Unit filename="../../src/GUI/dune/LoadSaveWindow.cpp" />
		<Unit filename="../../src/GUI/dune/MessageTicker.cpp" />
		<Unit filename="../../src/GUI/dune/NewsTicker.cpp" />
		<Unit filename="../../src/GUI/dune/WaitingForOtherPlayers.cpp" />
		<Unit filename="../../src/Game.cpp" />
		<Unit filename="../../src/GameInitSettings.cpp" />
		<Unit filename="../../src/GameInterface.cpp" />
		<Unit filename="../../src/House.cpp" />
		<Unit filename="../../src/INIMap/INIMapEditorLoader.cpp" />
		<Unit filename="../../src/INIMap/INIMapLoader.cpp" />
		<Unit filename="../../src/INIMap/INIMapPreviewCreator.cpp" />
		<Unit filename="../../src/Map.cpp" />
		<Unit filename="../../src/MapEditor/ChoamWindow.cpp" />
		<Unit filename="../../src/MapEditor/LoadMapWindow.cpp" />
		<Unit filename="../../src/MapEditor/MapEditor.cpp" />
		<Unit filename="../../src/MapEditor/MapEditorInterface.cpp" />
		<Unit filename="../../src/MapEditor/MapEditorOperation.cpp" />
		<Unit filename="../../src/MapEditor/MapEditorRadarView.cpp" />
		<Unit filename="../../src/MapEditor/MapGenerator.cpp" />
		<Unit filename="../../src/MapEditor/MapMirror.cpp" />
		<Unit filename="../../src/MapEditor/MapSettingsWindow.cpp" />
		<Unit filename="../../src/MapEditor/NewMapWindow.cpp" />
		<Unit filename="../../src/MapEditor/PlayerSettingsWindow.cpp" />
		<Unit filename="../../src/MapEditor/ReinforcementsWindow.cpp" />
		<Unit filename="../../src/MapEditor/TeamsWindow.cpp" />
		<Unit filename="../../src/MapSeed.cpp" />
		<Unit filename="../../src/Menu/AboutMenu.cpp" />
		<Unit filename="../../src/Menu/BriefingMenu.cpp" />
		<Unit filename="../../src/Menu/CampaignStatsMenu.cpp" />
		<Unit filename="../../src/Menu/CustomGameMenu.cpp" />
		<Unit filename="../../src/Menu/CustomGamePlayers.cpp" />
		<Unit filename="../../src/Menu/CustomGameStatsMenu.cpp" />
		<Unit filename="../../src/Menu/HouseChoiceInfoMenu.cpp" />
		<Unit filename="../../src/Menu/HouseChoiceMenu.cpp" />
		<Unit filename="../../src/Menu/MainMenu.cpp" />
		<Unit filename="../../src/Menu/MapChoice.cpp" />
		<Unit filename="../../src/Menu/MentatHelp.cpp" />
		<Unit filename="../../src/Menu/MentatMenu.cpp" />
		<Unit filename="../../src/Menu/MenuBase.cpp" />
		<Unit filename="../../src/Menu/MultiPlayerMenu.cpp" />
		<Unit filename="../../src/Menu/OptionsMenu.cpp" />
		<Unit filename="../../src/Menu/SinglePlayerMenu.cpp" />
		<Unit filename="../../src/Menu/SinglePlayerSkirmishMenu.cpp" />
		<Unit filename="../../src/Network/ENetHttp.cpp" />
		<Unit filename="../../src/Network/LANGameFinderAndAnnouncer.cpp" />
		<Unit filename="../../src/Network/MetaServerClient.cpp" />
		<Unit filename="../../src/Network/NetworkManager.cpp" />
		<Unit filename="../../src/ObjectBase.cpp" />
		<Unit filename="../../src/ObjectData.cpp" />
		<Unit filename="../../src/ObjectManager.cpp" />
		<Unit filename="../../src/ObjectPointer.cpp" />
		<Unit filename="../../src/RadarView.cpp" />
		<Unit filename="../../src/ScreenBorder.cpp" />
		<Unit filename="../../src/SoundPlayer.cpp" />
		<Unit filename="../../src/Tile.cpp" />
		<Unit filename="../../src/Trigger/ReinforcementTrigger.cpp" />
		<Unit filename="../../src/Trigger/TimeoutTrigger.cpp" />
		<Unit filename="../../src/Trigger/TriggerManager.cpp" />
		<Unit filename="../../src/enet/callbacks.c">
			<Option compilerVar="CC" />
		</Unit>
		<Unit filename="../../src/enet/compress.c">
			<Option compilerVar="CC" />
		</Unit>
		<Unit filename="../../src/enet/host.c">
			<Option compilerVar="CC" />
		</Unit>
		<Unit filename="../../src/enet/list.c">
			<Option compilerVar="CC" />
		</Unit>
		<Unit filename="../../src/enet/packet.c">
			<Option compilerVar="CC" />
		</Unit>
		<Unit filename="../../src/enet/peer.c">
			<Option compilerVar="CC" />
		</Unit>
		<Unit filename="../../src/enet/protocol.c">
			<Option compilerVar="CC" />
		</Unit>
		<Unit filename="../../src/enet/unix.c">
			<Option compilerVar="CC" />
		</Unit>
		<Unit filename="../../src/enet/win32.c">
			<Option compilerVar="CC" />
		</Unit>
		<Unit filename="../../src/fixmath/fix16.c">
			<Option compilerVar="CC" />
		</Unit>
		<Unit filename="../../src/fixmath/fix16_exp.c">
			<Option compilerVar="CC" />
		</Unit>
		<Unit filename="../../src/fixmath/fix16_sqrt.c">
			<Option compilerVar="CC" />
		</Unit>
		<Unit filename="../../src/fixmath/fix16_str.c">
			<Option compilerVar="CC" />
		</Unit>
		<Unit filename="../../src/fixmath/fix16_trig.c">
			<Option compilerVar="CC" />
		</Unit>
		<Unit filename="../../src/fixmath/fix32.c">
			<Option compilerVar="CC" />
		</Unit>
		<Unit filename="../../src/fixmath/fix32_exp.c">
			<Option compilerVar="CC" />
		</Unit>
		<Unit filename="../../src/fixmath/fix32_sqrt.c">
			<Option compilerVar="CC" />
		</Unit>
		<Unit filename="../../src/fixmath/fix32_str.c">
			<Option compilerVar="CC" />
		</Unit>
		<Unit filename="../../src/fixmath/fix32_trig.c">
			<Option compilerVar="CC" />
		</Unit>
		<Unit filename="../../src/globals.cpp" />
		<Unit filename="../../src/main.cpp" />
		<Unit filename="../../src/misc/FileSystem.cpp" />
		<Unit filename="../../src/misc/IFileStream.cpp" />
		<Unit filename="../../src/misc/OFileStream.cpp" />
		<Unit filename="../../src/misc/Random.cpp" />
		<Unit filename="../../src/misc/Scaler.cpp" />
		<Unit filename="../../src/misc/draw_util.cpp" />
		<Unit filename="../../src/misc/fnkdat.cpp" />
		<Unit filename="../../src/misc/format.cpp" />
		<Unit filename="../../src/misc/md5.cpp" />
		<Unit filename="../../src/misc/sound_util.cpp" />
		<Unit filename="../../src/misc/string_util.cpp" />
		<Unit filename="../../src/mmath.cpp" />
		<Unit filename="../../src/players/AIPlayer.cpp" />
		<Unit filename="../../src/players/HumanPlayer.cpp" />
		<Unit filename="../../src/players/Player.cpp" />
		<Unit filename="../../src/players/PlayerFactory.cpp" />
		<Unit filename="../../src/players/QuantBot.cpp" />
		<Unit filename="../../src/players/SmartBot.cpp" />
		<Unit filename="../../src/sand.cpp" />
		<Unit filename="../../src/structures/Barracks.cpp" />
		<Unit filename="../../src/structures/BuilderBase.cpp" />
		<Unit filename="../../src/structures/ConstructionYard.cpp" />
		<Unit filename="../../src/structures/GunTurret.cpp" />
		<Unit filename="../../src/structures/HeavyFactory.cpp" />
		<Unit filename="../../src/structures/HighTechFactory.cpp" />
		<Unit filename="../../src/structures/IX.cpp" />
		<Unit filename="../../src/structures/LightFactory.cpp" />
		<Unit filename="../../src/structures/Palace.cpp" />
		<Unit filename="../../src/structures/Radar.cpp" />
		<Unit filename="../../src/structures/Refinery.cpp" />
		<Unit filename="../../src/structures/RepairYard.cpp" />
		<Unit filename="../../src/structures/RocketTurret.cpp" />
		<Unit filename="../../src/structures/Silo.cpp" />
		<Unit filename="../../src/structures/StarPort.cpp" />
		<Unit filename="../../src/structures/StructureBase.cpp" />
		<Unit filename="../../src/structures/TurretBase.cpp" />
		<Unit filename="../../src/structures/WOR.cpp" />
		<Unit filename="../../src/structures/Wall.cpp" />
		<Unit filename="../../src/structures/WindTrap.cpp" />
		<Unit filename="../../src/units/AirUnit.cpp" />
		<Unit filename="../../src/units/Carryall.cpp" />
		<Unit filename="../../src/units/Devastator.cpp" />
		<Unit filename="../../src/units/Deviator.cpp" />
		<Unit filename="../../src/units/Frigate.cpp" />
		<Unit filename="../../src/units/GroundUnit.cpp" />
		<Unit filename="../../src/units/Harvester.cpp" />
		<Unit filename="../../src/units/InfantryBase.cpp" />
		<Unit filename="../../src/units/Launcher.cpp" />
		<Unit filename="../../src/units/MCV.cpp" />
		<Unit filename="../../src/units/Ornithopter.cpp" />
		<Unit filename="../../src/units/Quad.cpp" />
		<Unit filename="../../src/units/RaiderTrike.cpp" />
		<Unit filename="../../src/units/Saboteur.cpp" />
		<Unit filename="../../src/units/SandWorm.cpp" />
		<Unit filename="../../src/units/SiegeTank.cpp" />
		<Unit filename="../../src/units/Soldier.cpp" />
		<Unit filename="../../src/units/SonicTank.cpp" />
		<Unit filename="../../src/units/Tank.cpp" />
		<Unit filename="../../src/units/TankBase.cpp" />
		<Unit filename="../../src/units/TrackedUnit.cpp" />
		<Unit filename="../../src/units/Trike.cpp" />
		<Unit filename="../../src/units/Trooper.cpp" />
		<Unit filename="../../src/units/UnitBase.cpp" />
		<Extensions>
			<code_completion />
			<debugger />
			<envvars />
			<DoxyBlocks>
				<comment_style block="0" line="0" />
				<doxyfile_project />
				<doxyfile_build />
				<doxyfile_warnings />
				<doxyfile_output />
				<doxyfile_dot />
				<general />
			</DoxyBlocks>
		</Extensions>
	</Project>
</CodeBlocks_project_file>
