<?xml version="1.0" encoding="utf-8"?>
<Project ToolsVersion="4.0" xmlns="http://schemas.microsoft.com/developer/msbuild/2003">
  <ItemGroup>
    <Filter Include="include">
      <UniqueIdentifier>{93995380-89BD-4b04-88EB-625FBE52EBFB}</UniqueIdentifier>
      <Extensions>h;hh;hpp;hxx;hm;inl;inc;xsd</Extensions>
    </Filter>
    <Filter Include="include\CutScenes">
      <UniqueIdentifier>{8a270b2e-1110-4151-9dc3-7d59f8008672}</UniqueIdentifier>
    </Filter>
    <Filter Include="include\enet">
      <UniqueIdentifier>{596573c7-0304-4d28-a9a7-02060d8896ec}</UniqueIdentifier>
    </Filter>
    <Filter Include="include\FileClasses">
      <UniqueIdentifier>{1f178a59-c664-451f-9fd1-7a3e3d41d7d1}</UniqueIdentifier>
    </Filter>
    <Filter Include="include\FileClasses\adl">
      <UniqueIdentifier>{dd925659-1542-4f6a-bbeb-a4fa091360ab}</UniqueIdentifier>
    </Filter>
    <Filter Include="include\FileClasses\music">
      <UniqueIdentifier>{a48d663f-6678-4a25-8a8f-2396680d736b}</UniqueIdentifier>
    </Filter>
    <Filter Include="include\FileClasses\xmidi">
      <UniqueIdentifier>{1e6f382a-a24a-424a-8b07-2034659ed7ee}</UniqueIdentifier>
    </Filter>
    <Filter Include="include\fixmath">
      <UniqueIdentifier>{9ba97970-dda6-4baa-989e-751b6f9a5348}</UniqueIdentifier>
    </Filter>
    <Filter Include="include\GUI">
      <UniqueIdentifier>{a9454f7a-d233-4b04-bef9-1ea09fcc7213}</UniqueIdentifier>
    </Filter>
    <Filter Include="include\GUI\dune">
      <UniqueIdentifier>{59ae86dd-f763-468c-950f-98ee4d92dfd8}</UniqueIdentifier>
    </Filter>
    <Filter Include="include\GUI\ObjectInterfaces">
      <UniqueIdentifier>{ec2c00be-61ba-4477-a5fd-4687d99b0143}</UniqueIdentifier>
    </Filter>
    <Filter Include="include\INIMap">
      <UniqueIdentifier>{d3e6adea-4a07-4759-b11f-1945447dfbbd}</UniqueIdentifier>
    </Filter>
    <Filter Include="include\MapEditor">
      <UniqueIdentifier>{c8ce1e0f-4678-4491-a24e-e6aa559184e9}</UniqueIdentifier>
    </Filter>
    <Filter Include="include\Menu">
      <UniqueIdentifier>{ed5ac75f-a0c9-42c8-9556-3a60086da6f4}</UniqueIdentifier>
    </Filter>
    <Filter Include="include\misc">
      <UniqueIdentifier>{5e0c734b-085e-4d47-9220-b34390e23a1c}</UniqueIdentifier>
    </Filter>
    <Filter Include="include\Network">
      <UniqueIdentifier>{71139e22-3fb3-49b8-920c-7837dcb8a0b7}</UniqueIdentifier>
    </Filter>
    <Filter Include="include\units">
      <UniqueIdentifier>{40e8c263-5938-4449-a203-f561a9429870}</UniqueIdentifier>
    </Filter>
    <Filter Include="include\structures">
      <UniqueIdentifier>{a49d74a1-4954-43e0-b0b1-1d451cfb9731}</UniqueIdentifier>
    </Filter>
    <Filter Include="include\Trigger">
      <UniqueIdentifier>{eaea8881-635d-4385-8b63-8907fd969f52}</UniqueIdentifier>
    </Filter>
    <Filter Include="include\players">
      <UniqueIdentifier>{df0221e3-3a12-43ed-8f99-e773b956d2bb}</UniqueIdentifier>
    </Filter>
    <Filter Include="src">
      <UniqueIdentifier>{4FC737F1-C7A5-4376-A066-2A32D752A2FF}</UniqueIdentifier>
      <Extensions>cpp;c;cc;cxx;def;odl;idl;hpj;bat;asm;asmx</Extensions>
    </Filter>
    <Filter Include="src\CutScenes">
      <UniqueIdentifier>{a5d9080f-8ceb-4076-af59-c7cd14195716}</UniqueIdentifier>
    </Filter>
    <Filter Include="src\enet">
      <UniqueIdentifier>{cf1e995e-abda-466c-a3d8-ef886b11c68a}</UniqueIdentifier>
    </Filter>
    <Filter Include="src\FileClasses">
      <UniqueIdentifier>{f99e2715-1b3b-4ce0-b319-631d8ca4e0bf}</UniqueIdentifier>
    </Filter>
    <Filter Include="src\FileClasses\adl">
      <UniqueIdentifier>{067f6a66-2bd8-49d7-8998-e4e73f59e091}</UniqueIdentifier>
    </Filter>
    <Filter Include="src\FileClasses\music">
      <UniqueIdentifier>{a1325e83-a7c3-46a3-8574-504662294ee0}</UniqueIdentifier>
    </Filter>
    <Filter Include="src\FileClasses\xmidi">
      <UniqueIdentifier>{6451257e-3550-4fdb-87b3-e275b460ed8d}</UniqueIdentifier>
    </Filter>
    <Filter Include="src\fixmath">
      <UniqueIdentifier>{12302bf3-db19-4101-b751-0a4e5828dd39}</UniqueIdentifier>
    </Filter>
    <Filter Include="src\GUI">
      <UniqueIdentifier>{f5e01571-51da-4643-b82d-ecbc647bc71e}</UniqueIdentifier>
    </Filter>
    <Filter Include="src\GUI\dune">
      <UniqueIdentifier>{ccd4c61a-bc70-40c5-84c8-86d897aa226a}</UniqueIdentifier>
    </Filter>
    <Filter Include="src\INIMap">
      <UniqueIdentifier>{faa5eafa-666f-4a1a-bb15-f4d904805d91}</UniqueIdentifier>
    </Filter>
    <Filter Include="src\MapEditor">
      <UniqueIdentifier>{3cf84653-74de-4645-bc4e-aa4d43bb572a}</UniqueIdentifier>
    </Filter>
    <Filter Include="src\Menu">
      <UniqueIdentifier>{fbf9b7cd-da34-41de-aba8-3c3a0473182b}</UniqueIdentifier>
    </Filter>
    <Filter Include="src\misc">
      <UniqueIdentifier>{a03c63ec-7294-42d3-bae4-4854a75b4df0}</UniqueIdentifier>
    </Filter>
    <Filter Include="src\Network">
      <UniqueIdentifier>{c660eac1-01d3-4fb4-9141-648c4014deb1}</UniqueIdentifier>
    </Filter>
    <Filter Include="src\structures">
      <UniqueIdentifier>{dd0c8376-2935-40fa-b3e0-9eddd95e464b}</UniqueIdentifier>
    </Filter>
    <Filter Include="src\players">
      <UniqueIdentifier>{e99f9234-5470-418b-806f-740e281426dd}</UniqueIdentifier>
    </Filter>
    <Filter Include="src\units">
      <UniqueIdentifier>{5154f4c2-3b26-45ca-8694-b3057982b58e}</UniqueIdentifier>
    </Filter>
    <Filter Include="src\Trigger">
      <UniqueIdentifier>{77c09bda-8c61-43c5-a2d1-67f2c9a1eec9}</UniqueIdentifier>
    </Filter>
    <Filter Include="res">
      <UniqueIdentifier>{67DA6AB6-F800-4c08-8B7A-83BB121AAD01}</UniqueIdentifier>
      <Extensions>rc;ico;cur;bmp;dlg;rc2;rct;bin;rgs;gif;jpg;jpeg;jpe;resx;tiff;tif;png;wav;mfcribbon-ms</Extensions>
    </Filter>
  </ItemGroup>
  <ItemGroup>
    <ClInclude Include="..\..\include\AStarSearch.h">
      <Filter>include</Filter>
    </ClInclude>
    <ClInclude Include="..\..\include\Bullet.h">
      <Filter>include</Filter>
    </ClInclude>
    <ClInclude Include="..\..\include\Choam.h">
      <Filter>include</Filter>
    </ClInclude>
    <ClInclude Include="..\..\include\Colors.h">
      <Filter>include</Filter>
    </ClInclude>
    <ClInclude Include="..\..\include\Command.h">
      <Filter>include</Filter>
    </ClInclude>
    <ClInclude Include="..\..\include\CommandManager.h">
      <Filter>include</Filter>
    </ClInclude>
    <ClInclude Include="..\..\include\config.h">
      <Filter>include</Filter>
    </ClInclude>
    <ClInclude Include="..\..\include\data.h">
      <Filter>include</Filter>
    </ClInclude>
    <ClInclude Include="..\..\include\DataTypes.h">
      <Filter>include</Filter>
    </ClInclude>
    <ClInclude Include="..\..\include\Definitions.h">
      <Filter>include</Filter>
    </ClInclude>
    <ClInclude Include="..\..\include\Explosion.h">
      <Filter>include</Filter>
    </ClInclude>
    <ClInclude Include="..\..\include\Game.h">
      <Filter>include</Filter>
    </ClInclude>
    <ClInclude Include="..\..\include\GameInitSettings.h">
      <Filter>include</Filter>
    </ClInclude>
    <ClInclude Include="..\..\include\GameInterface.h">
      <Filter>include</Filter>
    </ClInclude>
    <ClInclude Include="..\..\include\globals.h">
      <Filter>include</Filter>
    </ClInclude>
    <ClInclude Include="..\..\include\House.h">
      <Filter>include</Filter>
    </ClInclude>
    <ClInclude Include="..\..\include\main.h">
      <Filter>include</Filter>
    </ClInclude>
    <ClInclude Include="..\..\include\Map.h">
      <Filter>include</Filter>
    </ClInclude>
    <ClInclude Include="..\..\include\MapSeed.h">
      <Filter>include</Filter>
    </ClInclude>
    <ClInclude Include="..\..\include\mmath.h">
      <Filter>include</Filter>
    </ClInclude>
    <ClInclude Include="..\..\include\ObjectBase.h">
      <Filter>include</Filter>
    </ClInclude>
    <ClInclude Include="..\..\include\ObjectData.h">
      <Filter>include</Filter>
    </ClInclude>
    <ClInclude Include="..\..\include\ObjectManager.h">
      <Filter>include</Filter>
    </ClInclude>
    <ClInclude Include="..\..\include\ObjectPointer.h">
      <Filter>include</Filter>
    </ClInclude>
    <ClInclude Include="..\..\include\RadarView.h">
      <Filter>include</Filter>
    </ClInclude>
    <ClInclude Include="..\..\include\RadarViewBase.h">
      <Filter>include</Filter>
    </ClInclude>
    <ClInclude Include="..\..\include\sand.h">
      <Filter>include</Filter>
    </ClInclude>
    <ClInclude Include="..\..\include\ScreenBorder.h">
      <Filter>include</Filter>
    </ClInclude>
    <ClInclude Include="..\..\include\SoundPlayer.h">
      <Filter>include</Filter>
    </ClInclude>
    <ClInclude Include="..\..\include\Tile.h">
      <Filter>include</Filter>
    </ClInclude>
    <ClInclude Include="..\..\include\CutScenes\CrossBlendVideoEvent.h">
      <Filter>include\CutScenes</Filter>
    </ClInclude>
    <ClInclude Include="..\..\include\CutScenes\CutScene.h">
      <Filter>include\CutScenes</Filter>
    </ClInclude>
    <ClInclude Include="..\..\include\CutScenes\CutSceneMusicTrigger.h">
      <Filter>include\CutScenes</Filter>
    </ClInclude>
    <ClInclude Include="..\..\include\CutScenes\CutSceneSoundTrigger.h">
      <Filter>include\CutScenes</Filter>
    </ClInclude>
    <ClInclude Include="..\..\include\CutScenes\CutSceneTrigger.h">
      <Filter>include\CutScenes</Filter>
    </ClInclude>
    <ClInclude Include="..\..\include\CutScenes\FadeInVideoEvent.h">
      <Filter>include\CutScenes</Filter>
    </ClInclude>
    <ClInclude Include="..\..\include\CutScenes\FadeOutVideoEvent.h">
      <Filter>include\CutScenes</Filter>
    </ClInclude>
    <ClInclude Include="..\..\include\CutScenes\Finale.h">
      <Filter>include\CutScenes</Filter>
    </ClInclude>
    <ClInclude Include="..\..\include\CutScenes\HoldPictureVideoEvent.h">
      <Filter>include\CutScenes</Filter>
    </ClInclude>
    <ClInclude Include="..\..\include\CutScenes\Intro.h">
      <Filter>include\CutScenes</Filter>
    </ClInclude>
    <ClInclude Include="..\..\include\CutScenes\Meanwhile.h">
      <Filter>include\CutScenes</Filter>
    </ClInclude>
    <ClInclude Include="..\..\include\CutScenes\Scene.h">
      <Filter>include\CutScenes</Filter>
    </ClInclude>
    <ClInclude Include="..\..\include\CutScenes\TextEvent.h">
      <Filter>include\CutScenes</Filter>
    </ClInclude>
    <ClInclude Include="..\..\include\CutScenes\VideoEvent.h">
      <Filter>include\CutScenes</Filter>
    </ClInclude>
    <ClInclude Include="..\..\include\CutScenes\WSAVideoEvent.h">
      <Filter>include\CutScenes</Filter>
    </ClInclude>
    <ClInclude Include="..\..\include\enet\callbacks.h">
      <Filter>include\enet</Filter>
    </ClInclude>
    <ClInclude Include="..\..\include\enet\enet.h">
      <Filter>include\enet</Filter>
    </ClInclude>
    <ClInclude Include="..\..\include\enet\enettime.h">
      <Filter>include\enet</Filter>
    </ClInclude>
    <ClInclude Include="..\..\include\enet\list.h">
      <Filter>include\enet</Filter>
    </ClInclude>
    <ClInclude Include="..\..\include\enet\protocol.h">
      <Filter>include\enet</Filter>
    </ClInclude>
    <ClInclude Include="..\..\include\enet\types.h">
      <Filter>include\enet</Filter>
    </ClInclude>
    <ClInclude Include="..\..\include\enet\unix.h">
      <Filter>include\enet</Filter>
    </ClInclude>
    <ClInclude Include="..\..\include\enet\utility.h">
      <Filter>include\enet</Filter>
    </ClInclude>
    <ClInclude Include="..\..\include\enet\win32.h">
      <Filter>include\enet</Filter>
    </ClInclude>
    <ClInclude Include="..\..\include\FileClasses\Animation.h">
      <Filter>include\FileClasses</Filter>
    </ClInclude>
    <ClInclude Include="..\..\include\FileClasses\Cpsfile.h">
      <Filter>include\FileClasses</Filter>
    </ClInclude>
    <ClInclude Include="..\..\include\FileClasses\Decode.h">
      <Filter>include\FileClasses</Filter>
    </ClInclude>
    <ClInclude Include="..\..\include\FileClasses\FileManager.h">
      <Filter>include\FileClasses</Filter>
    </ClInclude>
    <ClInclude Include="..\..\include\FileClasses\Font.h">
      <Filter>include\FileClasses</Filter>
    </ClInclude>
    <ClInclude Include="..\..\include\FileClasses\FontManager.h">
      <Filter>include\FileClasses</Filter>
    </ClInclude>
    <ClInclude Include="..\..\include\FileClasses\GFXManager.h">
      <Filter>include\FileClasses</Filter>
    </ClInclude>
    <ClInclude Include="..\..\include\FileClasses\Icnfile.h">
      <Filter>include\FileClasses</Filter>
    </ClInclude>
    <ClInclude Include="..\..\include\FileClasses\IndexedTextFile.h">
      <Filter>include\FileClasses</Filter>
    </ClInclude>
    <ClInclude Include="..\..\include\FileClasses\INIFile.h">
      <Filter>include\FileClasses</Filter>
    </ClInclude>
    <ClInclude Include="..\..\include\FileClasses\LoadSavePNG.h">
      <Filter>include\FileClasses</Filter>
    </ClInclude>
    <ClInclude Include="..\..\include\FileClasses\lodepng.h">
      <Filter>include\FileClasses</Filter>
    </ClInclude>
    <ClInclude Include="..\..\include\FileClasses\MentatTextFile.h">
      <Filter>include\FileClasses</Filter>
    </ClInclude>
    <ClInclude Include="..\..\include\FileClasses\Pakfile.h">
      <Filter>include\FileClasses</Filter>
    </ClInclude>
    <ClInclude Include="..\..\include\FileClasses\Palette.h">
      <Filter>include\FileClasses</Filter>
    </ClInclude>
    <ClInclude Include="..\..\include\FileClasses\Palfile.h">
      <Filter>include\FileClasses</Filter>
    </ClInclude>
    <ClInclude Include="..\..\include\FileClasses\PictureFactory.h">
      <Filter>include\FileClasses</Filter>
    </ClInclude>
    <ClInclude Include="..\..\include\FileClasses\PictureFont.h">
      <Filter>include\FileClasses</Filter>
    </ClInclude>
    <ClInclude Include="..\..\include\FileClasses\POFile.h">
      <Filter>include\FileClasses</Filter>
    </ClInclude>
    <ClInclude Include="..\..\include\FileClasses\SFXManager.h">
      <Filter>include\FileClasses</Filter>
    </ClInclude>
    <ClInclude Include="..\..\include\FileClasses\Shpfile.h">
      <Filter>include\FileClasses</Filter>
    </ClInclude>
    <ClInclude Include="..\..\include\FileClasses\TextManager.h">
      <Filter>include\FileClasses</Filter>
    </ClInclude>
    <ClInclude Include="..\..\include\FileClasses\Vocfile.h">
      <Filter>include\FileClasses</Filter>
    </ClInclude>
    <ClInclude Include="..\..\include\FileClasses\Wsafile.h">
      <Filter>include\FileClasses</Filter>
    </ClInclude>
    <ClInclude Include="..\..\include\FileClasses\adl\opl.h">
      <Filter>include\FileClasses\adl</Filter>
    </ClInclude>
    <ClInclude Include="..\..\include\FileClasses\adl\sound_adlib.h">
      <Filter>include\FileClasses\adl</Filter>
    </ClInclude>
    <ClInclude Include="..\..\include\FileClasses\adl\surroundopl.h">
      <Filter>include\FileClasses\adl</Filter>
    </ClInclude>
    <ClInclude Include="..\..\include\FileClasses\adl\wemuopl.h">
      <Filter>include\FileClasses\adl</Filter>
    </ClInclude>
    <ClInclude Include="..\..\include\FileClasses\adl\woodyopl.h">
      <Filter>include\FileClasses\adl</Filter>
    </ClInclude>
    <ClInclude Include="..\..\include\FileClasses\music\ADLPlayer.h">
      <Filter>include\FileClasses\music</Filter>
    </ClInclude>
    <ClInclude Include="..\..\include\FileClasses\music\DirectoryPlayer.h">
      <Filter>include\FileClasses\music</Filter>
    </ClInclude>
    <ClInclude Include="..\..\include\FileClasses\music\MusicPlayer.h">
      <Filter>include\FileClasses\music</Filter>
    </ClInclude>
    <ClInclude Include="..\..\include\FileClasses\music\XMIPlayer.h">
      <Filter>include\FileClasses\music</Filter>
    </ClInclude>
    <ClInclude Include="..\..\include\FileClasses\xmidi\databuf.h">
      <Filter>include\FileClasses\xmidi</Filter>
    </ClInclude>
    <ClInclude Include="..\..\include\FileClasses\xmidi\xmidi.h">
      <Filter>include\FileClasses\xmidi</Filter>
    </ClInclude>
    <ClInclude Include="..\..\include\fixmath\fix16.h">
      <Filter>include\fixmath</Filter>
    </ClInclude>
    <ClInclude Include="..\..\include\fixmath\fix16_trig_sin_lut.h">
      <Filter>include\fixmath</Filter>
    </ClInclude>
    <ClInclude Include="..\..\include\fixmath\fix32.h">
      <Filter>include\fixmath</Filter>
    </ClInclude>
    <ClInclude Include="..\..\include\fixmath\fixmath.h">
      <Filter>include\fixmath</Filter>
    </ClInclude>
    <ClInclude Include="..\..\include\fixmath\FixPoint.h">
      <Filter>include\fixmath</Filter>
    </ClInclude>
    <ClInclude Include="..\..\include\fixmath\FixPoint16.h">
      <Filter>include\fixmath</Filter>
    </ClInclude>
    <ClInclude Include="..\..\include\fixmath\FixPoint32.h">
      <Filter>include\fixmath</Filter>
    </ClInclude>
    <ClInclude Include="..\..\include\fixmath\int64.h">
      <Filter>include\fixmath</Filter>
    </ClInclude>
    <ClInclude Include="..\..\include\GUI\Button.h">
      <Filter>include\GUI</Filter>
    </ClInclude>
    <ClInclude Include="..\..\include\GUI\Checkbox.h">
      <Filter>include\GUI</Filter>
    </ClInclude>
    <ClInclude Include="..\..\include\GUI\ClickMap.h">
      <Filter>include\GUI</Filter>
    </ClInclude>
    <ClInclude Include="..\..\include\GUI\Container.h">
      <Filter>include\GUI</Filter>
    </ClInclude>
    <ClInclude Include="..\..\include\GUI\DropDownBox.h">
      <Filter>include\GUI</Filter>
    </ClInclude>
    <ClInclude Include="..\..\include\GUI\GUIStyle.h">
      <Filter>include\GUI</Filter>
    </ClInclude>
    <ClInclude Include="..\..\include\GUI\HBox.h">
      <Filter>include\GUI</Filter>
    </ClInclude>
    <ClInclude Include="..\..\include\GUI\InvisibleButton.h">
      <Filter>include\GUI</Filter>
    </ClInclude>
    <ClInclude Include="..\..\include\GUI\Label.h">
      <Filter>include\GUI</Filter>
    </ClInclude>
    <ClInclude Include="..\..\include\GUI\ListBox.h">
      <Filter>include\GUI</Filter>
    </ClInclude>
    <ClInclude Include="..\..\include\GUI\MsgBox.h">
      <Filter>include\GUI</Filter>
    </ClInclude>
    <ClInclude Include="..\..\include\GUI\PictureButton.h">
      <Filter>include\GUI</Filter>
    </ClInclude>
    <ClInclude Include="..\..\include\GUI\PictureLabel.h">
      <Filter>include\GUI</Filter>
    </ClInclude>
    <ClInclude Include="..\..\include\GUI\ProgressBar.h">
      <Filter>include\GUI</Filter>
    </ClInclude>
    <ClInclude Include="..\..\include\GUI\QstBox.h">
      <Filter>include\GUI</Filter>
    </ClInclude>
    <ClInclude Include="..\..\include\GUI\RadioButton.h">
      <Filter>include\GUI</Filter>
    </ClInclude>
    <ClInclude Include="..\..\include\GUI\RadioButtonManager.h">
      <Filter>include\GUI</Filter>
    </ClInclude>
    <ClInclude Include="..\..\include\GUI\ScrollBar.h">
      <Filter>include\GUI</Filter>
    </ClInclude>
    <ClInclude Include="..\..\include\GUI\Spacer.h">
      <Filter>include\GUI</Filter>
    </ClInclude>
    <ClInclude Include="..\..\include\GUI\StaticContainer.h">
      <Filter>include\GUI</Filter>
    </ClInclude>
    <ClInclude Include="..\..\include\GUI\SymbolButton.h">
      <Filter>include\GUI</Filter>
    </ClInclude>
    <ClInclude Include="..\..\include\GUI\TextBox.h">
      <Filter>include\GUI</Filter>
    </ClInclude>
    <ClInclude Include="..\..\include\GUI\TextButton.h">
      <Filter>include\GUI</Filter>
    </ClInclude>
    <ClInclude Include="..\..\include\GUI\TextView.h">
      <Filter>include\GUI</Filter>
    </ClInclude>
    <ClInclude Include="..\..\include\GUI\VBox.h">
      <Filter>include\GUI</Filter>
    </ClInclude>
    <ClInclude Include="..\..\include\GUI\Widget.h">
      <Filter>include\GUI</Filter>
    </ClInclude>
    <ClInclude Include="..\..\include\GUI\Window.h">
      <Filter>include\GUI</Filter>
    </ClInclude>
    <ClInclude Include="..\..\include\GUI\dune\AnimationLabel.h">
      <Filter>include\GUI\dune</Filter>
    </ClInclude>
    <ClInclude Include="..\..\include\GUI\dune\BuilderList.h">
      <Filter>include\GUI\dune</Filter>
    </ClInclude>
    <ClInclude Include="..\..\include\GUI\dune\ChatManager.h">
      <Filter>include\GUI\dune</Filter>
    </ClInclude>
    <ClInclude Include="..\..\include\GUI\dune\DigitsCounter.h">
      <Filter>include\GUI\dune</Filter>
    </ClInclude>
    <ClInclude Include="..\..\include\GUI\dune\DigitsTextBox.h">
      <Filter>include\GUI\dune</Filter>
    </ClInclude>
    <ClInclude Include="..\..\include\GUI\dune\DuneStyle.h">
      <Filter>include\GUI\dune</Filter>
    </ClInclude>
    <ClInclude Include="..\..\include\GUI\dune\GameOptionsWindow.h">
      <Filter>include\GUI\dune</Filter>
    </ClInclude>
    <ClInclude Include="..\..\include\GUI\dune\InGameMenu.h">
      <Filter>include\GUI\dune</Filter>
    </ClInclude>
    <ClInclude Include="..\..\include\GUI\dune\InGameSettingsMenu.h">
      <Filter>include\GUI\dune</Filter>
    </ClInclude>
    <ClInclude Include="..\..\include\GUI\dune\LoadSaveWindow.h">
      <Filter>include\GUI\dune</Filter>
    </ClInclude>
    <ClInclude Include="..\..\include\GUI\dune\MessageTicker.h">
      <Filter>include\GUI\dune</Filter>
    </ClInclude>
    <ClInclude Include="..\..\include\GUI\dune\NewsTicker.h">
      <Filter>include\GUI\dune</Filter>
    </ClInclude>
    <ClInclude Include="..\..\include\GUI\dune\WaitingForOtherPlayers.h">
      <Filter>include\GUI\dune</Filter>
    </ClInclude>
    <ClInclude Include="..\..\include\GUI\ObjectInterfaces\BuilderInterface.h">
      <Filter>include\GUI\ObjectInterfaces</Filter>
    </ClInclude>
    <ClInclude Include="..\..\include\GUI\ObjectInterfaces\DefaultObjectInterface.h">
      <Filter>include\GUI\ObjectInterfaces</Filter>
    </ClInclude>
    <ClInclude Include="..\..\include\GUI\ObjectInterfaces\DefaultStructureInterface.h">
      <Filter>include\GUI\ObjectInterfaces</Filter>
    </ClInclude>
    <ClInclude Include="..\..\include\GUI\ObjectInterfaces\MultiUnitInterface.h">
      <Filter>include\GUI\ObjectInterfaces</Filter>
    </ClInclude>
    <ClInclude Include="..\..\include\GUI\ObjectInterfaces\ObjectInterface.h">
      <Filter>include\GUI\ObjectInterfaces</Filter>
    </ClInclude>
    <ClInclude Include="..\..\include\GUI\ObjectInterfaces\PalaceInterface.h">
      <Filter>include\GUI\ObjectInterfaces</Filter>
    </ClInclude>
    <ClInclude Include="..\..\include\GUI\ObjectInterfaces\RefineryAndSiloInterface.h">
      <Filter>include\GUI\ObjectInterfaces</Filter>
    </ClInclude>
    <ClInclude Include="..\..\include\GUI\ObjectInterfaces\RepairYardInterface.h">
      <Filter>include\GUI\ObjectInterfaces</Filter>
    </ClInclude>
    <ClInclude Include="..\..\include\GUI\ObjectInterfaces\UnitInterface.h">
      <Filter>include\GUI\ObjectInterfaces</Filter>
    </ClInclude>
    <ClInclude Include="..\..\include\GUI\ObjectInterfaces\WindTrapInterface.h">
      <Filter>include\GUI\ObjectInterfaces</Filter>
    </ClInclude>
    <ClInclude Include="..\..\include\INIMap\INIMap.h">
      <Filter>include\INIMap</Filter>
    </ClInclude>
    <ClInclude Include="..\..\include\INIMap\INIMapEditorLoader.h">
      <Filter>include\INIMap</Filter>
    </ClInclude>
    <ClInclude Include="..\..\include\INIMap\INIMapLoader.h">
      <Filter>include\INIMap</Filter>
    </ClInclude>
    <ClInclude Include="..\..\include\INIMap\INIMapPreviewCreator.h">
      <Filter>include\INIMap</Filter>
    </ClInclude>
    <ClInclude Include="..\..\include\MapEditor\ChoamWindow.h">
      <Filter>include\MapEditor</Filter>
    </ClInclude>
    <ClInclude Include="..\..\include\MapEditor\LoadMapWindow.h">
      <Filter>include\MapEditor</Filter>
    </ClInclude>
    <ClInclude Include="..\..\include\MapEditor\MapData.h">
      <Filter>include\MapEditor</Filter>
    </ClInclude>
    <ClInclude Include="..\..\include\MapEditor\MapEditor.h">
      <Filter>include\MapEditor</Filter>
    </ClInclude>
    <ClInclude Include="..\..\include\MapEditor\MapEditorInterface.h">
      <Filter>include\MapEditor</Filter>
    </ClInclude>
    <ClInclude Include="..\..\include\MapEditor\MapEditorOperation.h">
      <Filter>include\MapEditor</Filter>
    </ClInclude>
    <ClInclude Include="..\..\include\MapEditor\MapEditorRadarView.h">
      <Filter>include\MapEditor</Filter>
    </ClInclude>
    <ClInclude Include="..\..\include\MapEditor\MapGenerator.h">
      <Filter>include\MapEditor</Filter>
    </ClInclude>
    <ClInclude Include="..\..\include\MapEditor\MapInfo.h">
      <Filter>include\MapEditor</Filter>
    </ClInclude>
    <ClInclude Include="..\..\include\MapEditor\MapMirror.h">
      <Filter>include\MapEditor</Filter>
    </ClInclude>
    <ClInclude Include="..\..\include\MapEditor\MapSettingsWindow.h">
      <Filter>include\MapEditor</Filter>
    </ClInclude>
    <ClInclude Include="..\..\include\MapEditor\NewMapWindow.h">
      <Filter>include\MapEditor</Filter>
    </ClInclude>
    <ClInclude Include="..\..\include\MapEditor\PlayerSettingsWindow.h">
      <Filter>include\MapEditor</Filter>
    </ClInclude>
    <ClInclude Include="..\..\include\MapEditor\ReinforcementInfo.h">
      <Filter>include\MapEditor</Filter>
    </ClInclude>
    <ClInclude Include="..\..\include\MapEditor\ReinforcementsWindow.h">
      <Filter>include\MapEditor</Filter>
    </ClInclude>
    <ClInclude Include="..\..\include\MapEditor\TeamInfo.h">
      <Filter>include\MapEditor</Filter>
    </ClInclude>
    <ClInclude Include="..\..\include\MapEditor\TeamsWindow.h">
      <Filter>include\MapEditor</Filter>
    </ClInclude>
    <ClInclude Include="..\..\include\Menu\AboutMenu.h">
      <Filter>include\Menu</Filter>
    </ClInclude>
    <ClInclude Include="..\..\include\Menu\BriefingMenu.h">
      <Filter>include\Menu</Filter>
    </ClInclude>
    <ClInclude Include="..\..\include\Menu\CampaignStatsMenu.h">
      <Filter>include\Menu</Filter>
    </ClInclude>
    <ClInclude Include="..\..\include\Menu\CustomGameMenu.h">
      <Filter>include\Menu</Filter>
    </ClInclude>
    <ClInclude Include="..\..\include\Menu\CustomGamePlayers.h">
      <Filter>include\Menu</Filter>
    </ClInclude>
    <ClInclude Include="..\..\include\Menu\CustomGameStatsMenu.h">
      <Filter>include\Menu</Filter>
    </ClInclude>
    <ClInclude Include="..\..\include\Menu\HouseChoiceInfoMenu.h">
      <Filter>include\Menu</Filter>
    </ClInclude>
    <ClInclude Include="..\..\include\Menu\HouseChoiceMenu.h">
      <Filter>include\Menu</Filter>
    </ClInclude>
    <ClInclude Include="..\..\include\Menu\MainMenu.h">
      <Filter>include\Menu</Filter>
    </ClInclude>
    <ClInclude Include="..\..\include\Menu\MapChoice.h">
      <Filter>include\Menu</Filter>
    </ClInclude>
    <ClInclude Include="..\..\include\Menu\MentatHelp.h">
      <Filter>include\Menu</Filter>
    </ClInclude>
    <ClInclude Include="..\..\include\Menu\MentatMenu.h">
      <Filter>include\Menu</Filter>
    </ClInclude>
    <ClInclude Include="..\..\include\Menu\MenuBase.h">
      <Filter>include\Menu</Filter>
    </ClInclude>
    <ClInclude Include="..\..\include\Menu\MultiPlayerMenu.h">
      <Filter>include\Menu</Filter>
    </ClInclude>
    <ClInclude Include="..\..\include\Menu\OptionsMenu.h">
      <Filter>include\Menu</Filter>
    </ClInclude>
    <ClInclude Include="..\..\include\Menu\SinglePlayerMenu.h">
      <Filter>include\Menu</Filter>
    </ClInclude>
    <ClInclude Include="..\..\include\Menu\SinglePlayerSkirmishMenu.h">
      <Filter>include\Menu</Filter>
    </ClInclude>
    <ClInclude Include="..\..\include\misc\BlendBlitter.h">
      <Filter>include\misc</Filter>
    </ClInclude>
    <ClInclude Include="..\..\include\misc\draw_util.h">
      <Filter>include\misc</Filter>
    </ClInclude>
    <ClInclude Include="..\..\include\misc\DrawingRectHelper.h">
      <Filter>include\misc</Filter>
    </ClInclude>
    <ClInclude Include="..\..\include\misc\FileSystem.h">
      <Filter>include\misc</Filter>
    </ClInclude>
    <ClInclude Include="..\..\include\misc\fnkdat.h">
      <Filter>include\misc</Filter>
    </ClInclude>
    <ClInclude Include="..\..\include\misc\IFileStream.h">
      <Filter>include\misc</Filter>
    </ClInclude>
    <ClInclude Include="..\..\include\misc\IMemoryStream.h">
      <Filter>include\misc</Filter>
    </ClInclude>
    <ClInclude Include="..\..\include\misc\InputStream.h">
      <Filter>include\misc</Filter>
    </ClInclude>
    <ClInclude Include="..\..\include\misc\md5.h">
      <Filter>include\misc</Filter>
    </ClInclude>
    <ClInclude Include="..\..\include\misc\OFileStream.h">
      <Filter>include\misc</Filter>
    </ClInclude>
    <ClInclude Include="..\..\include\misc\OMemoryStream.h">
      <Filter>include\misc</Filter>
    </ClInclude>
    <ClInclude Include="..\..\include\misc\OutputStream.h">
      <Filter>include\misc</Filter>
    </ClInclude>
    <ClInclude Include="..\..\include\misc\Random.h">
      <Filter>include\misc</Filter>
    </ClInclude>
    <ClInclude Include="..\..\include\misc\RobustList.h">
      <Filter>include\misc</Filter>
    </ClInclude>
    <ClInclude Include="..\..\include\misc\Scaler.h">
      <Filter>include\misc</Filter>
    </ClInclude>
    <ClInclude Include="..\..\include\misc\sound_util.h">
      <Filter>include\misc</Filter>
    </ClInclude>
    <ClInclude Include="..\..\include\misc\string_util.h">
      <Filter>include\misc</Filter>
    </ClInclude>
    <ClInclude Include="..\..\include\Network\ChangeEventList.h">
      <Filter>include\Network</Filter>
    </ClInclude>
    <ClInclude Include="..\..\include\Network\CommandList.h">
      <Filter>include\Network</Filter>
    </ClInclude>
    <ClInclude Include="..\..\include\Network\ENetHelper.h">
      <Filter>include\Network</Filter>
    </ClInclude>
    <ClInclude Include="..\..\include\Network\ENetHttp.h">
      <Filter>include\Network</Filter>
    </ClInclude>
    <ClInclude Include="..\..\include\Network\ENetPacketIStream.h">
      <Filter>include\Network</Filter>
    </ClInclude>
    <ClInclude Include="..\..\include\Network\ENetPacketOStream.h">
      <Filter>include\Network</Filter>
    </ClInclude>
    <ClInclude Include="..\..\include\Network\GameServerInfo.h">
      <Filter>include\Network</Filter>
    </ClInclude>
    <ClInclude Include="..\..\include\Network\LANGameFinderAndAnnouncer.h">
      <Filter>include\Network</Filter>
    </ClInclude>
    <ClInclude Include="..\..\include\Network\MetaServerClient.h">
      <Filter>include\Network</Filter>
    </ClInclude>
    <ClInclude Include="..\..\include\Network\MetaServerCommands.h">
      <Filter>include\Network</Filter>
    </ClInclude>
    <ClInclude Include="..\..\include\Network\NetworkManager.h">
      <Filter>include\Network</Filter>
    </ClInclude>
    <ClInclude Include="..\..\include\players\AIPlayer.h">
      <Filter>include\players</Filter>
    </ClInclude>
    <ClInclude Include="..\..\include\players\HumanPlayer.h">
      <Filter>include\players</Filter>
    </ClInclude>
    <ClInclude Include="..\..\include\players\Player.h">
      <Filter>include\players</Filter>
    </ClInclude>
    <ClInclude Include="..\..\include\players\PlayerFactory.h">
      <Filter>include\players</Filter>
    </ClInclude>
    <ClInclude Include="..\..\include\players\QuantBot.h">
      <Filter>include\players</Filter>
    </ClInclude>
    <ClInclude Include="..\..\include\players\SmartBot.h">
      <Filter>include\players</Filter>
    </ClInclude>
    <ClInclude Include="..\..\include\structures\Barracks.h">
      <Filter>include\structures</Filter>
    </ClInclude>
    <ClInclude Include="..\..\include\structures\BuilderBase.h">
      <Filter>include\structures</Filter>
    </ClInclude>
    <ClInclude Include="..\..\include\structures\ConstructionYard.h">
      <Filter>include\structures</Filter>
    </ClInclude>
    <ClInclude Include="..\..\include\structures\GunTurret.h">
      <Filter>include\structures</Filter>
    </ClInclude>
    <ClInclude Include="..\..\include\structures\HeavyFactory.h">
      <Filter>include\structures</Filter>
    </ClInclude>
    <ClInclude Include="..\..\include\structures\HighTechFactory.h">
      <Filter>include\structures</Filter>
    </ClInclude>
    <ClInclude Include="..\..\include\structures\IX.h">
      <Filter>include\structures</Filter>
    </ClInclude>
    <ClInclude Include="..\..\include\structures\LightFactory.h">
      <Filter>include\structures</Filter>
    </ClInclude>
    <ClInclude Include="..\..\include\structures\Palace.h">
      <Filter>include\structures</Filter>
    </ClInclude>
    <ClInclude Include="..\..\include\structures\Radar.h">
      <Filter>include\structures</Filter>
    </ClInclude>
    <ClInclude Include="..\..\include\structures\Refinery.h">
      <Filter>include\structures</Filter>
    </ClInclude>
    <ClInclude Include="..\..\include\structures\RepairYard.h">
      <Filter>include\structures</Filter>
    </ClInclude>
    <ClInclude Include="..\..\include\structures\RocketTurret.h">
      <Filter>include\structures</Filter>
    </ClInclude>
    <ClInclude Include="..\..\include\structures\Silo.h">
      <Filter>include\structures</Filter>
    </ClInclude>
    <ClInclude Include="..\..\include\structures\StarPort.h">
      <Filter>include\structures</Filter>
    </ClInclude>
    <ClInclude Include="..\..\include\structures\StructureBase.h">
      <Filter>include\structures</Filter>
    </ClInclude>
    <ClInclude Include="..\..\include\structures\TurretBase.h">
      <Filter>include\structures</Filter>
    </ClInclude>
    <ClInclude Include="..\..\include\structures\Wall.h">
      <Filter>include\structures</Filter>
    </ClInclude>
    <ClInclude Include="..\..\include\structures\WindTrap.h">
      <Filter>include\structures</Filter>
    </ClInclude>
    <ClInclude Include="..\..\include\structures\WOR.h">
      <Filter>include\structures</Filter>
    </ClInclude>
    <ClInclude Include="..\..\include\Trigger\ReinforcementTrigger.h">
      <Filter>include\Trigger</Filter>
    </ClInclude>
    <ClInclude Include="..\..\include\Trigger\TimeoutTrigger.h">
      <Filter>include\Trigger</Filter>
    </ClInclude>
    <ClInclude Include="..\..\include\Trigger\Trigger.h">
      <Filter>include\Trigger</Filter>
    </ClInclude>
    <ClInclude Include="..\..\include\Trigger\TriggerManager.h">
      <Filter>include\Trigger</Filter>
    </ClInclude>
    <ClInclude Include="..\..\include\units\AirUnit.h">
      <Filter>include\units</Filter>
    </ClInclude>
    <ClInclude Include="..\..\include\units\Carryall.h">
      <Filter>include\units</Filter>
    </ClInclude>
    <ClInclude Include="..\..\include\units\Devastator.h">
      <Filter>include\units</Filter>
    </ClInclude>
    <ClInclude Include="..\..\include\units\Deviator.h">
      <Filter>include\units</Filter>
    </ClInclude>
    <ClInclude Include="..\..\include\units\Frigate.h">
      <Filter>include\units</Filter>
    </ClInclude>
    <ClInclude Include="..\..\include\units\GroundUnit.h">
      <Filter>include\units</Filter>
    </ClInclude>
    <ClInclude Include="..\..\include\units\Harvester.h">
      <Filter>include\units</Filter>
    </ClInclude>
    <ClInclude Include="..\..\include\units\InfantryBase.h">
      <Filter>include\units</Filter>
    </ClInclude>
    <ClInclude Include="..\..\include\units\Launcher.h">
      <Filter>include\units</Filter>
    </ClInclude>
    <ClInclude Include="..\..\include\units\MCV.h">
      <Filter>include\units</Filter>
    </ClInclude>
    <ClInclude Include="..\..\include\units\Ornithopter.h">
      <Filter>include\units</Filter>
    </ClInclude>
    <ClInclude Include="..\..\include\units\Quad.h">
      <Filter>include\units</Filter>
    </ClInclude>
    <ClInclude Include="..\..\include\units\RaiderTrike.h">
      <Filter>include\units</Filter>
    </ClInclude>
    <ClInclude Include="..\..\include\units\Saboteur.h">
      <Filter>include\units</Filter>
    </ClInclude>
    <ClInclude Include="..\..\include\units\SandWorm.h">
      <Filter>include\units</Filter>
    </ClInclude>
    <ClInclude Include="..\..\include\units\SiegeTank.h">
      <Filter>include\units</Filter>
    </ClInclude>
    <ClInclude Include="..\..\include\units\Soldier.h">
      <Filter>include\units</Filter>
    </ClInclude>
    <ClInclude Include="..\..\include\units\SonicTank.h">
      <Filter>include\units</Filter>
    </ClInclude>
    <ClInclude Include="..\..\include\units\Tank.h">
      <Filter>include\units</Filter>
    </ClInclude>
    <ClInclude Include="..\..\include\units\TankBase.h">
      <Filter>include\units</Filter>
    </ClInclude>
    <ClInclude Include="..\..\include\units\TrackedUnit.h">
      <Filter>include\units</Filter>
    </ClInclude>
    <ClInclude Include="..\..\include\units\Trike.h">
      <Filter>include\units</Filter>
    </ClInclude>
    <ClInclude Include="..\..\include\units\Trooper.h">
      <Filter>include\units</Filter>
    </ClInclude>
    <ClInclude Include="..\..\include\units\UnitBase.h">
      <Filter>include\units</Filter>
    </ClInclude>
    <ClInclude Include="..\..\include\misc\exceptions.h">
      <Filter>include\misc</Filter>
    </ClInclude>
    <ClInclude Include="..\..\include\misc\format.h">
      <Filter>include\misc</Filter>
    </ClInclude>
    <ClInclude Include="stdafx.h">
      <Filter>include</Filter>
    </ClInclude>
    <ClInclude Include="..\..\include\misc\sdl_support.h">
      <Filter>include</Filter>
    </ClInclude>
    <ClInclude Include="..\..\..\SDL2\include\SDL2\begin_code.h">
      <Filter>include</Filter>
    </ClInclude>
    <ClInclude Include="..\..\..\SDL2\include\SDL2\close_code.h">
      <Filter>include</Filter>
    </ClInclude>
    <ClInclude Include="..\..\include\fixmath\fix32_support.h">
      <Filter>include</Filter>
    <ClInclude Include="..\..\include\misc\RngSupport.h">
      <Filter>include\misc</Filter>
    </ClInclude>
    <ClInclude Include="..\..\include\misc\random_xoroshiro128plus.h">
      <Filter>include\misc</Filter>
    </ClInclude>
    <ClInclude Include="..\..\include\misc\random_xorshift1024star.h">
      <Filter>include\misc</Filter>
    </ClInclude>
    <ClInclude Include="..\..\include\misc\generator.h">
      <Filter>include\misc</Filter>
    </ClInclude>
    <ClInclude Include="..\..\include\misc\sdl_support.h">
      <Filter>include\misc</Filter>
    </ClInclude>
    <ClInclude Include="..\..\include\FileClasses\SaveTextureAsBmp.h">
      <Filter>include\FileClasses</Filter>
    </ClInclude>
  </ItemGroup>
  <ItemGroup>
    <ClCompile Include="..\..\src\AStarSearch.cpp">
      <Filter>src</Filter>
    </ClCompile>
    <ClCompile Include="..\..\src\Bullet.cpp">
      <Filter>src</Filter>
    </ClCompile>
    <ClCompile Include="..\..\src\Choam.cpp">
      <Filter>src</Filter>
    </ClCompile>
    <ClCompile Include="..\..\src\Command.cpp">
      <Filter>src</Filter>
    </ClCompile>
    <ClCompile Include="..\..\src\CommandManager.cpp">
      <Filter>src</Filter>
    </ClCompile>
    <ClCompile Include="..\..\src\Explosion.cpp">
      <Filter>src</Filter>
    </ClCompile>
    <ClCompile Include="..\..\src\Game.cpp">
      <Filter>src</Filter>
    </ClCompile>
    <ClCompile Include="..\..\src\GameInitSettings.cpp">
      <Filter>src</Filter>
    </ClCompile>
    <ClCompile Include="..\..\src\GameInterface.cpp">
      <Filter>src</Filter>
    </ClCompile>
    <ClCompile Include="..\..\src\globals.cpp">
      <Filter>src</Filter>
    </ClCompile>
    <ClCompile Include="..\..\src\House.cpp">
      <Filter>src</Filter>
    </ClCompile>
    <ClCompile Include="..\..\src\main.cpp">
      <Filter>src</Filter>
    </ClCompile>
    <ClCompile Include="..\..\src\Map.cpp">
      <Filter>src</Filter>
    </ClCompile>
    <ClCompile Include="..\..\src\MapSeed.cpp">
      <Filter>src</Filter>
    </ClCompile>
    <ClCompile Include="..\..\src\mmath.cpp">
      <Filter>src</Filter>
    </ClCompile>
    <ClCompile Include="..\..\src\ObjectBase.cpp">
      <Filter>src</Filter>
    </ClCompile>
    <ClCompile Include="..\..\src\ObjectData.cpp">
      <Filter>src</Filter>
    </ClCompile>
    <ClCompile Include="..\..\src\ObjectManager.cpp">
      <Filter>src</Filter>
    </ClCompile>
    <ClCompile Include="..\..\src\ObjectPointer.cpp">
      <Filter>src</Filter>
    </ClCompile>
    <ClCompile Include="..\..\src\RadarView.cpp">
      <Filter>src</Filter>
    </ClCompile>
    <ClCompile Include="..\..\src\sand.cpp">
      <Filter>src</Filter>
    </ClCompile>
    <ClCompile Include="..\..\src\ScreenBorder.cpp">
      <Filter>src</Filter>
    </ClCompile>
    <ClCompile Include="..\..\src\SoundPlayer.cpp">
      <Filter>src</Filter>
    </ClCompile>
    <ClCompile Include="..\..\src\Tile.cpp">
      <Filter>src</Filter>
    </ClCompile>
    <ClCompile Include="..\..\src\CutScenes\CrossBlendVideoEvent.cpp">
      <Filter>src\CutScenes</Filter>
    </ClCompile>
    <ClCompile Include="..\..\src\CutScenes\CutScene.cpp">
      <Filter>src\CutScenes</Filter>
    </ClCompile>
    <ClCompile Include="..\..\src\CutScenes\CutSceneTrigger.cpp">
      <Filter>src\CutScenes</Filter>
    </ClCompile>
    <ClCompile Include="..\..\src\CutScenes\FadeInVideoEvent.cpp">
      <Filter>src\CutScenes</Filter>
    </ClCompile>
    <ClCompile Include="..\..\src\CutScenes\FadeOutVideoEvent.cpp">
      <Filter>src\CutScenes</Filter>
    </ClCompile>
    <ClCompile Include="..\..\src\CutScenes\Finale.cpp">
      <Filter>src\CutScenes</Filter>
    </ClCompile>
    <ClCompile Include="..\..\src\CutScenes\HoldPictureVideoEvent.cpp">
      <Filter>src\CutScenes</Filter>
    </ClCompile>
    <ClCompile Include="..\..\src\CutScenes\Intro.cpp">
      <Filter>src\CutScenes</Filter>
    </ClCompile>
    <ClCompile Include="..\..\src\CutScenes\Meanwhile.cpp">
      <Filter>src\CutScenes</Filter>
    </ClCompile>
    <ClCompile Include="..\..\src\CutScenes\Scene.cpp">
      <Filter>src\CutScenes</Filter>
    </ClCompile>
    <ClCompile Include="..\..\src\CutScenes\TextEvent.cpp">
      <Filter>src\CutScenes</Filter>
    </ClCompile>
    <ClCompile Include="..\..\src\CutScenes\VideoEvent.cpp">
      <Filter>src\CutScenes</Filter>
    </ClCompile>
    <ClCompile Include="..\..\src\CutScenes\WSAVideoEvent.cpp">
      <Filter>src\CutScenes</Filter>
    </ClCompile>
    <ClCompile Include="..\..\src\enet\callbacks.c">
      <Filter>src\enet</Filter>
    </ClCompile>
    <ClCompile Include="..\..\src\enet\compress.c">
      <Filter>src\enet</Filter>
    </ClCompile>
    <ClCompile Include="..\..\src\enet\host.c">
      <Filter>src\enet</Filter>
    </ClCompile>
    <ClCompile Include="..\..\src\enet\list.c">
      <Filter>src\enet</Filter>
    </ClCompile>
    <ClCompile Include="..\..\src\enet\packet.c">
      <Filter>src\enet</Filter>
    </ClCompile>
    <ClCompile Include="..\..\src\enet\peer.c">
      <Filter>src\enet</Filter>
    </ClCompile>
    <ClCompile Include="..\..\src\enet\protocol.c">
      <Filter>src\enet</Filter>
    </ClCompile>
    <ClCompile Include="..\..\src\enet\unix.c">
      <Filter>src\enet</Filter>
    </ClCompile>
    <ClCompile Include="..\..\src\enet\win32.c">
      <Filter>src\enet</Filter>
    </ClCompile>
    <ClCompile Include="..\..\src\FileClasses\Animation.cpp">
      <Filter>src\FileClasses</Filter>
    </ClCompile>
    <ClCompile Include="..\..\src\FileClasses\Cpsfile.cpp">
      <Filter>src\FileClasses</Filter>
    </ClCompile>
    <ClCompile Include="..\..\src\FileClasses\Decode.cpp">
      <Filter>src\FileClasses</Filter>
    </ClCompile>
    <ClCompile Include="..\..\src\FileClasses\FileManager.cpp">
      <Filter>src\FileClasses</Filter>
    </ClCompile>
    <ClCompile Include="..\..\src\FileClasses\FontManager.cpp">
      <Filter>src\FileClasses</Filter>
    </ClCompile>
    <ClCompile Include="..\..\src\FileClasses\GFXManager.cpp">
      <Filter>src\FileClasses</Filter>
    </ClCompile>
    <ClCompile Include="..\..\src\FileClasses\Icnfile.cpp">
      <Filter>src\FileClasses</Filter>
    </ClCompile>
    <ClCompile Include="..\..\src\FileClasses\IndexedTextFile.cpp">
      <Filter>src\FileClasses</Filter>
    </ClCompile>
    <ClCompile Include="..\..\src\FileClasses\INIFile.cpp">
      <Filter>src\FileClasses</Filter>
    </ClCompile>
    <ClCompile Include="..\..\src\FileClasses\LoadSavePNG.cpp">
      <Filter>src\FileClasses</Filter>
    </ClCompile>
    <ClCompile Include="..\..\src\FileClasses\lodepng.cpp">
      <Filter>src\FileClasses</Filter>
    </ClCompile>
    <ClCompile Include="..\..\src\FileClasses\MentatTextFile.cpp">
      <Filter>src\FileClasses</Filter>
    </ClCompile>
    <ClCompile Include="..\..\src\FileClasses\Pakfile.cpp">
      <Filter>src\FileClasses</Filter>
    </ClCompile>
    <ClCompile Include="..\..\src\FileClasses\Palfile.cpp">
      <Filter>src\FileClasses</Filter>
    </ClCompile>
    <ClCompile Include="..\..\src\FileClasses\PictureFactory.cpp">
      <Filter>src\FileClasses</Filter>
    </ClCompile>
    <ClCompile Include="..\..\src\FileClasses\POFile.cpp">
      <Filter>src\FileClasses</Filter>
    </ClCompile>
    <ClCompile Include="..\..\src\FileClasses\SFXManager.cpp">
      <Filter>src\FileClasses</Filter>
    </ClCompile>
    <ClCompile Include="..\..\src\FileClasses\Shpfile.cpp">
      <Filter>src\FileClasses</Filter>
    </ClCompile>
    <ClCompile Include="..\..\src\FileClasses\TextManager.cpp">
      <Filter>src\FileClasses</Filter>
    </ClCompile>
    <ClCompile Include="..\..\src\FileClasses\Vocfile.cpp">
      <Filter>src\FileClasses</Filter>
    </ClCompile>
    <ClCompile Include="..\..\src\FileClasses\Wsafile.cpp">
      <Filter>src\FileClasses</Filter>
    </ClCompile>
    <ClCompile Include="..\..\src\FileClasses\adl\sound_adlib.cpp">
      <Filter>src\FileClasses\adl</Filter>
    </ClCompile>
    <ClCompile Include="..\..\src\FileClasses\adl\surroundopl.cpp">
      <Filter>src\FileClasses\adl</Filter>
    </ClCompile>
    <ClCompile Include="..\..\src\FileClasses\adl\woodyopl.cpp">
      <Filter>src\FileClasses\adl</Filter>
    </ClCompile>
    <ClCompile Include="..\..\src\FileClasses\music\ADLPlayer.cpp">
      <Filter>src\FileClasses\music</Filter>
    </ClCompile>
    <ClCompile Include="..\..\src\FileClasses\music\DirectoryPlayer.cpp">
      <Filter>src\FileClasses\music</Filter>
    </ClCompile>
    <ClCompile Include="..\..\src\FileClasses\music\XMIPlayer.cpp">
      <Filter>src\FileClasses\music</Filter>
    </ClCompile>
    <ClCompile Include="..\..\src\FileClasses\xmidi\xmidi.cpp">
      <Filter>src\FileClasses\xmidi</Filter>
    </ClCompile>
    <ClCompile Include="..\..\src\fixmath\fix16.c">
      <Filter>src\fixmath</Filter>
    </ClCompile>
    <ClCompile Include="..\..\src\fixmath\fix16_exp.c">
      <Filter>src\fixmath</Filter>
    </ClCompile>
    <ClCompile Include="..\..\src\fixmath\fix16_sqrt.c">
      <Filter>src\fixmath</Filter>
    </ClCompile>
    <ClCompile Include="..\..\src\fixmath\fix16_str.c">
      <Filter>src\fixmath</Filter>
    </ClCompile>
    <ClCompile Include="..\..\src\fixmath\fix16_trig.c">
      <Filter>src\fixmath</Filter>
    </ClCompile>
    <ClCompile Include="..\..\src\fixmath\fix32.c">
      <Filter>src\fixmath</Filter>
    </ClCompile>
    <ClCompile Include="..\..\src\fixmath\fix32_exp.c">
      <Filter>src\fixmath</Filter>
    </ClCompile>
    <ClCompile Include="..\..\src\fixmath\fix32_sqrt.c">
      <Filter>src\fixmath</Filter>
    </ClCompile>
    <ClCompile Include="..\..\src\fixmath\fix32_str.c">
      <Filter>src\fixmath</Filter>
    </ClCompile>
    <ClCompile Include="..\..\src\fixmath\fix32_trig.c">
      <Filter>src\fixmath</Filter>
    </ClCompile>
    <ClCompile Include="..\..\src\GUI\Button.cpp">
      <Filter>src\GUI</Filter>
    </ClCompile>
    <ClCompile Include="..\..\src\GUI\DropDownBox.cpp">
      <Filter>src\GUI</Filter>
    </ClCompile>
    <ClCompile Include="..\..\src\GUI\GUIStyle.cpp">
      <Filter>src\GUI</Filter>
    </ClCompile>
    <ClCompile Include="..\..\src\GUI\ListBox.cpp">
      <Filter>src\GUI</Filter>
    </ClCompile>
    <ClCompile Include="..\..\src\GUI\RadioButtonManager.cpp">
      <Filter>src\GUI</Filter>
    </ClCompile>
    <ClCompile Include="..\..\src\GUI\ScrollBar.cpp">
      <Filter>src\GUI</Filter>
    </ClCompile>
    <ClCompile Include="..\..\src\GUI\TextView.cpp">
      <Filter>src\GUI</Filter>
    </ClCompile>
    <ClCompile Include="..\..\src\GUI\Widget.cpp">
      <Filter>src\GUI</Filter>
    </ClCompile>
    <ClCompile Include="..\..\src\GUI\Window.cpp">
      <Filter>src\GUI</Filter>
    </ClCompile>
    <ClCompile Include="..\..\src\GUI\dune\BuilderList.cpp">
      <Filter>src\GUI\dune</Filter>
    </ClCompile>
    <ClCompile Include="..\..\src\GUI\dune\ChatManager.cpp">
      <Filter>src\GUI\dune</Filter>
    </ClCompile>
    <ClCompile Include="..\..\src\GUI\dune\DuneStyle.cpp">
      <Filter>src\GUI\dune</Filter>
    </ClCompile>
    <ClCompile Include="..\..\src\GUI\dune\GameOptionsWindow.cpp">
      <Filter>src\GUI\dune</Filter>
    </ClCompile>
    <ClCompile Include="..\..\src\GUI\dune\InGameMenu.cpp">
      <Filter>src\GUI\dune</Filter>
    </ClCompile>
    <ClCompile Include="..\..\src\GUI\dune\InGameSettingsMenu.cpp">
      <Filter>src\GUI\dune</Filter>
    </ClCompile>
    <ClCompile Include="..\..\src\GUI\dune\LoadSaveWindow.cpp">
      <Filter>src\GUI\dune</Filter>
    </ClCompile>
    <ClCompile Include="..\..\src\GUI\dune\MessageTicker.cpp">
      <Filter>src\GUI\dune</Filter>
    </ClCompile>
    <ClCompile Include="..\..\src\GUI\dune\NewsTicker.cpp">
      <Filter>src\GUI\dune</Filter>
    </ClCompile>
    <ClCompile Include="..\..\src\GUI\dune\WaitingForOtherPlayers.cpp">
      <Filter>src\GUI\dune</Filter>
    </ClCompile>
    <ClCompile Include="..\..\src\INIMap\INIMapEditorLoader.cpp">
      <Filter>src\INIMap</Filter>
    </ClCompile>
    <ClCompile Include="..\..\src\INIMap\INIMapLoader.cpp">
      <Filter>src\INIMap</Filter>
    </ClCompile>
    <ClCompile Include="..\..\src\INIMap\INIMapPreviewCreator.cpp">
      <Filter>src\INIMap</Filter>
    </ClCompile>
    <ClCompile Include="..\..\src\MapEditor\ChoamWindow.cpp">
      <Filter>src\MapEditor</Filter>
    </ClCompile>
    <ClCompile Include="..\..\src\MapEditor\LoadMapWindow.cpp">
      <Filter>src\MapEditor</Filter>
    </ClCompile>
    <ClCompile Include="..\..\src\MapEditor\MapEditor.cpp">
      <Filter>src\MapEditor</Filter>
    </ClCompile>
    <ClCompile Include="..\..\src\MapEditor\MapEditorInterface.cpp">
      <Filter>src\MapEditor</Filter>
    </ClCompile>
    <ClCompile Include="..\..\src\MapEditor\MapEditorOperation.cpp">
      <Filter>src\MapEditor</Filter>
    </ClCompile>
    <ClCompile Include="..\..\src\MapEditor\MapEditorRadarView.cpp">
      <Filter>src\MapEditor</Filter>
    </ClCompile>
    <ClCompile Include="..\..\src\MapEditor\MapGenerator.cpp">
      <Filter>src\MapEditor</Filter>
    </ClCompile>
    <ClCompile Include="..\..\src\MapEditor\MapMirror.cpp">
      <Filter>src\MapEditor</Filter>
    </ClCompile>
    <ClCompile Include="..\..\src\MapEditor\MapSettingsWindow.cpp">
      <Filter>src\MapEditor</Filter>
    </ClCompile>
    <ClCompile Include="..\..\src\MapEditor\NewMapWindow.cpp">
      <Filter>src\MapEditor</Filter>
    </ClCompile>
    <ClCompile Include="..\..\src\MapEditor\PlayerSettingsWindow.cpp">
      <Filter>src\MapEditor</Filter>
    </ClCompile>
    <ClCompile Include="..\..\src\MapEditor\ReinforcementsWindow.cpp">
      <Filter>src\MapEditor</Filter>
    </ClCompile>
    <ClCompile Include="..\..\src\MapEditor\TeamsWindow.cpp">
      <Filter>src\MapEditor</Filter>
    </ClCompile>
    <ClCompile Include="..\..\src\Menu\AboutMenu.cpp">
      <Filter>src\Menu</Filter>
    </ClCompile>
    <ClCompile Include="..\..\src\Menu\BriefingMenu.cpp">
      <Filter>src\Menu</Filter>
    </ClCompile>
    <ClCompile Include="..\..\src\Menu\CampaignStatsMenu.cpp">
      <Filter>src\Menu</Filter>
    </ClCompile>
    <ClCompile Include="..\..\src\Menu\CustomGameMenu.cpp">
      <Filter>src\Menu</Filter>
    </ClCompile>
    <ClCompile Include="..\..\src\Menu\CustomGamePlayers.cpp">
      <Filter>src\Menu</Filter>
    </ClCompile>
    <ClCompile Include="..\..\src\Menu\CustomGameStatsMenu.cpp">
      <Filter>src\Menu</Filter>
    </ClCompile>
    <ClCompile Include="..\..\src\Menu\HouseChoiceInfoMenu.cpp">
      <Filter>src\Menu</Filter>
    </ClCompile>
    <ClCompile Include="..\..\src\Menu\HouseChoiceMenu.cpp">
      <Filter>src\Menu</Filter>
    </ClCompile>
    <ClCompile Include="..\..\src\Menu\MainMenu.cpp">
      <Filter>src\Menu</Filter>
    </ClCompile>
    <ClCompile Include="..\..\src\Menu\MapChoice.cpp">
      <Filter>src\Menu</Filter>
    </ClCompile>
    <ClCompile Include="..\..\src\Menu\MentatHelp.cpp">
      <Filter>src\Menu</Filter>
    </ClCompile>
    <ClCompile Include="..\..\src\Menu\MentatMenu.cpp">
      <Filter>src\Menu</Filter>
    </ClCompile>
    <ClCompile Include="..\..\src\Menu\MenuBase.cpp">
      <Filter>src\Menu</Filter>
    </ClCompile>
    <ClCompile Include="..\..\src\Menu\MultiPlayerMenu.cpp">
      <Filter>src\Menu</Filter>
    </ClCompile>
    <ClCompile Include="..\..\src\Menu\OptionsMenu.cpp">
      <Filter>src\Menu</Filter>
    </ClCompile>
    <ClCompile Include="..\..\src\Menu\SinglePlayerMenu.cpp">
      <Filter>src\Menu</Filter>
    </ClCompile>
    <ClCompile Include="..\..\src\Menu\SinglePlayerSkirmishMenu.cpp">
      <Filter>src\Menu</Filter>
    </ClCompile>
    <ClCompile Include="..\..\src\misc\draw_util.cpp">
      <Filter>src\misc</Filter>
    </ClCompile>
    <ClCompile Include="..\..\src\misc\FileSystem.cpp">
      <Filter>src\misc</Filter>
    </ClCompile>
    <ClCompile Include="..\..\src\misc\fnkdat.cpp">
      <Filter>src\misc</Filter>
    </ClCompile>
    <ClCompile Include="..\..\src\misc\IFileStream.cpp">
      <Filter>src\misc</Filter>
    </ClCompile>
    <ClCompile Include="..\..\src\misc\md5.cpp">
      <Filter>src\misc</Filter>
    </ClCompile>
    <ClCompile Include="..\..\src\misc\OFileStream.cpp">
      <Filter>src\misc</Filter>
    </ClCompile>
    <ClCompile Include="..\..\src\misc\Scaler.cpp">
      <Filter>src\misc</Filter>
    </ClCompile>
    <ClCompile Include="..\..\src\misc\sound_util.cpp">
      <Filter>src\misc</Filter>
    </ClCompile>
    <ClCompile Include="..\..\src\misc\string_util.cpp">
      <Filter>src\misc</Filter>
    </ClCompile>
    <ClCompile Include="..\..\src\Network\ENetHttp.cpp">
      <Filter>src\Network</Filter>
    </ClCompile>
    <ClCompile Include="..\..\src\Network\LANGameFinderAndAnnouncer.cpp">
      <Filter>src\Network</Filter>
    </ClCompile>
    <ClCompile Include="..\..\src\Network\MetaServerClient.cpp">
      <Filter>src\Network</Filter>
    </ClCompile>
    <ClCompile Include="..\..\src\Network\NetworkManager.cpp">
      <Filter>src\Network</Filter>
    </ClCompile>
    <ClCompile Include="..\..\src\players\AIPlayer.cpp">
      <Filter>src\players</Filter>
    </ClCompile>
    <ClCompile Include="..\..\src\players\HumanPlayer.cpp">
      <Filter>src\players</Filter>
    </ClCompile>
    <ClCompile Include="..\..\src\players\Player.cpp">
      <Filter>src\players</Filter>
    </ClCompile>
    <ClCompile Include="..\..\src\players\PlayerFactory.cpp">
      <Filter>src\players</Filter>
    </ClCompile>
    <ClCompile Include="..\..\src\players\QuantBot.cpp">
      <Filter>src\players</Filter>
    </ClCompile>
    <ClCompile Include="..\..\src\players\SmartBot.cpp">
      <Filter>src\players</Filter>
    </ClCompile>
    <ClCompile Include="..\..\src\structures\Barracks.cpp">
      <Filter>src\structures</Filter>
    </ClCompile>
    <ClCompile Include="..\..\src\structures\BuilderBase.cpp">
      <Filter>src\structures</Filter>
    </ClCompile>
    <ClCompile Include="..\..\src\structures\ConstructionYard.cpp">
      <Filter>src\structures</Filter>
    </ClCompile>
    <ClCompile Include="..\..\src\structures\GunTurret.cpp">
      <Filter>src\structures</Filter>
    </ClCompile>
    <ClCompile Include="..\..\src\structures\HeavyFactory.cpp">
      <Filter>src\structures</Filter>
    </ClCompile>
    <ClCompile Include="..\..\src\structures\HighTechFactory.cpp">
      <Filter>src\structures</Filter>
    </ClCompile>
    <ClCompile Include="..\..\src\structures\IX.cpp">
      <Filter>src\structures</Filter>
    </ClCompile>
    <ClCompile Include="..\..\src\structures\LightFactory.cpp">
      <Filter>src\structures</Filter>
    </ClCompile>
    <ClCompile Include="..\..\src\structures\Palace.cpp">
      <Filter>src\structures</Filter>
    </ClCompile>
    <ClCompile Include="..\..\src\structures\Radar.cpp">
      <Filter>src\structures</Filter>
    </ClCompile>
    <ClCompile Include="..\..\src\structures\Refinery.cpp">
      <Filter>src\structures</Filter>
    </ClCompile>
    <ClCompile Include="..\..\src\structures\RepairYard.cpp">
      <Filter>src\structures</Filter>
    </ClCompile>
    <ClCompile Include="..\..\src\structures\RocketTurret.cpp">
      <Filter>src\structures</Filter>
    </ClCompile>
    <ClCompile Include="..\..\src\structures\Silo.cpp">
      <Filter>src\structures</Filter>
    </ClCompile>
    <ClCompile Include="..\..\src\structures\StarPort.cpp">
      <Filter>src\structures</Filter>
    </ClCompile>
    <ClCompile Include="..\..\src\structures\StructureBase.cpp">
      <Filter>src\structures</Filter>
    </ClCompile>
    <ClCompile Include="..\..\src\structures\TurretBase.cpp">
      <Filter>src\structures</Filter>
    </ClCompile>
    <ClCompile Include="..\..\src\structures\Wall.cpp">
      <Filter>src\structures</Filter>
    </ClCompile>
    <ClCompile Include="..\..\src\structures\WindTrap.cpp">
      <Filter>src\structures</Filter>
    </ClCompile>
    <ClCompile Include="..\..\src\structures\WOR.cpp">
      <Filter>src\structures</Filter>
    </ClCompile>
    <ClCompile Include="..\..\src\Trigger\ReinforcementTrigger.cpp">
      <Filter>src\Trigger</Filter>
    </ClCompile>
    <ClCompile Include="..\..\src\Trigger\TimeoutTrigger.cpp">
      <Filter>src\Trigger</Filter>
    </ClCompile>
    <ClCompile Include="..\..\src\Trigger\TriggerManager.cpp">
      <Filter>src\Trigger</Filter>
    </ClCompile>
    <ClCompile Include="..\..\src\units\AirUnit.cpp">
      <Filter>src\units</Filter>
    </ClCompile>
    <ClCompile Include="..\..\src\units\Carryall.cpp">
      <Filter>src\units</Filter>
    </ClCompile>
    <ClCompile Include="..\..\src\units\Devastator.cpp">
      <Filter>src\units</Filter>
    </ClCompile>
    <ClCompile Include="..\..\src\units\Deviator.cpp">
      <Filter>src\units</Filter>
    </ClCompile>
    <ClCompile Include="..\..\src\units\Frigate.cpp">
      <Filter>src\units</Filter>
    </ClCompile>
    <ClCompile Include="..\..\src\units\GroundUnit.cpp">
      <Filter>src\units</Filter>
    </ClCompile>
    <ClCompile Include="..\..\src\units\Harvester.cpp">
      <Filter>src\units</Filter>
    </ClCompile>
    <ClCompile Include="..\..\src\units\InfantryBase.cpp">
      <Filter>src\units</Filter>
    </ClCompile>
    <ClCompile Include="..\..\src\units\Launcher.cpp">
      <Filter>src\units</Filter>
    </ClCompile>
    <ClCompile Include="..\..\src\units\MCV.cpp">
      <Filter>src\units</Filter>
    </ClCompile>
    <ClCompile Include="..\..\src\units\Ornithopter.cpp">
      <Filter>src\units</Filter>
    </ClCompile>
    <ClCompile Include="..\..\src\units\Quad.cpp">
      <Filter>src\units</Filter>
    </ClCompile>
    <ClCompile Include="..\..\src\units\RaiderTrike.cpp">
      <Filter>src\units</Filter>
    </ClCompile>
    <ClCompile Include="..\..\src\units\Saboteur.cpp">
      <Filter>src\units</Filter>
    </ClCompile>
    <ClCompile Include="..\..\src\units\SandWorm.cpp">
      <Filter>src\units</Filter>
    </ClCompile>
    <ClCompile Include="..\..\src\units\SiegeTank.cpp">
      <Filter>src\units</Filter>
    </ClCompile>
    <ClCompile Include="..\..\src\units\Soldier.cpp">
      <Filter>src\units</Filter>
    </ClCompile>
    <ClCompile Include="..\..\src\units\SonicTank.cpp">
      <Filter>src\units</Filter>
    </ClCompile>
    <ClCompile Include="..\..\src\units\Tank.cpp">
      <Filter>src\units</Filter>
    </ClCompile>
    <ClCompile Include="..\..\src\units\TankBase.cpp">
      <Filter>src\units</Filter>
    </ClCompile>
    <ClCompile Include="..\..\src\units\TrackedUnit.cpp">
      <Filter>src\units</Filter>
    </ClCompile>
    <ClCompile Include="..\..\src\units\Trike.cpp">
      <Filter>src\units</Filter>
    </ClCompile>
    <ClCompile Include="..\..\src\units\Trooper.cpp">
      <Filter>src\units</Filter>
    </ClCompile>
    <ClCompile Include="..\..\src\units\UnitBase.cpp">
      <Filter>src\units</Filter>
    </ClCompile>
    <ClCompile Include="..\..\src\misc\format.cpp">
      <Filter>src\misc</Filter>
    </ClCompile>
    <ClCompile Include="stdafx.cpp">
      <Filter>src</Filter>
    </ClCompile>
    <ClCompile Include="..\..\src\misc\RngSupport.cpp">
      <Filter>src\misc</Filter>
    </ClCompile>
    <ClCompile Include="..\..\src\misc\Random.cpp">
      <Filter>src\misc</Filter>
    </ClCompile>
    <ClCompile Include="..\..\src\FileClasses\TTFFont.cpp">
      <Filter>src\FileClasses</Filter>
    </ClCompile>
    <ClCompile Include="..\..\src\players\CampaignAIPlayer.cpp">
      <Filter>src\players</Filter>
    </ClCompile>
    <ClCompile Include="..\..\src\FileClasses\SaveTextureAsBmp.cpp">
      <Filter>src\FileClasses</Filter>
    </ClCompile>
    <ClCompile Include="..\..\src\misc\SDL_LogRenderer.cpp">
      <Filter>src\misc</Filter>
    </ClCompile>
    <ClCompile Include="..\..\src\GUI\TextButton.cpp">
      <Filter>src\GUI</Filter>
    </ClCompile>
    <Manifest Include="DuneLegacy.exe.manifest" />
  </ItemGroup>
  <ItemGroup>
    <ResourceCompile Include="..\..\resource.rc">
      <Filter>res</Filter>
    </ResourceCompile>
  </ItemGroup>
  <ItemGroup>
    <Manifest Include="DuneLegacy.exe.manifest" />
  </ItemGroup>
</Project>
