
Microsoft Visual Studio Solution File, Format Version 12.00
# Visual Studio Version 16
VisualStudioVersion = 16.0.31205.134
MinimumVisualStudioVersion = 10.0.40219.1
Project("{8BC9CEB8-8B4A-11D0-8D11-00A0C91BC942}") = "DuneLegacy", "DuneLegacy.vcxproj", "{3AE5E6EA-C372-486A-A79E-8F7EEAED5832}"
EndProject
Project("{8BC9CEB8-8B4A-11D0-8D11-00A0C91BC942}") = "Tests", "Tests.vcxproj", "{AD51C751-830E-4103-BF1F-5BFB87BB43EF}"
EndProject
Global
	GlobalSection(SolutionConfigurationPlatforms) = preSolution
		Debug|x64 = Debug|x64
		Debug|x86 = Debug|x86
		Release|x64 = Release|x64
		Release|x86 = Release|x86
	EndGlobalSection
	GlobalSection(ProjectConfigurationPlatforms) = postSolution
		{3AE5E6EA-C372-486A-A79E-8F7EEAED5832}.Debug|x64.ActiveCfg = Debug|x64
		{3AE5E6EA-C372-486A-A79E-8F7EEAED5832}.Debug|x64.Build.0 = Debug|x64
		{3AE5E6EA-C372-486A-A79E-8F7EEAED5832}.Debug|x86.ActiveCfg = Debug|Win32
		{3AE5E6EA-C372-486A-A79E-8F7EEAED5832}.Debug|x86.Build.0 = Debug|Win32
		{3AE5E6EA-C372-486A-A79E-8F7EEAED5832}.Release|x64.ActiveCfg = Release|x64
		{3AE5E6EA-C372-486A-A79E-8F7EEAED5832}.Release|x64.Build.0 = Release|x64
		{3AE5E6EA-C372-486A-A79E-8F7EEAED5832}.Release|x86.ActiveCfg = Release|Win32
		{3AE5E6EA-C372-486A-A79E-8F7EEAED5832}.Release|x86.Build.0 = Release|Win32
		{AD51C751-830E-4103-BF1F-5BFB87BB43EF}.Debug|x64.ActiveCfg = Debug|x64
		{AD51C751-830E-4103-BF1F-5BFB87BB43EF}.Debug|x64.Build.0 = Debug|x64
		{AD51C751-830E-4103-BF1F-5BFB87BB43EF}.Debug|x86.ActiveCfg = Debug|Win32
		{AD51C751-830E-4103-BF1F-5BFB87BB43EF}.Debug|x86.Build.0 = Debug|Win32
		{AD51C751-830E-4103-BF1F-5BFB87BB43EF}.Release|x64.ActiveCfg = Release|x64
		{AD51C751-830E-4103-BF1F-5BFB87BB43EF}.Release|x86.ActiveCfg = Release|Win32
		{AD51C751-830E-4103-BF1F-5BFB87BB43EF}.Release|x86.Build.0 = Release|Win32
	EndGlobalSection
	GlobalSection(SolutionProperties) = preSolution
		HideSolutionNode = FALSE
	EndGlobalSection
	GlobalSection(ExtensibilityGlobals) = postSolution
		SolutionGuid = {E5A5C80E-84AA-4136-A0C9-CA41EEF3DCA4}
	EndGlobalSection
EndGlobal
